// !$*UTF8*$!
{
	archiveVersion = 1;
	classes = {
	};
	objectVersion = 46;
	objects = {

/* Begin PBXBuildFile section */
		0D8A9B2E37E18C7307B21E8F /* Pods_DataStoreAdvanced_Tests.framework in Frameworks */ = {isa = PBXBuildFile; fileRef = D1F56E667111B58D59820E1D /* Pods_DataStoreAdvanced_Tests.framework */; };
		14E90A2A0BE5672535CBF89A /* Pods_DataStoreAdvanced_Example.framework in Frameworks */ = {isa = PBXBuildFile; fileRef = 3724A565EF80D0B6AE4B43D5 /* Pods_DataStoreAdvanced_Example.framework */; };
		6003F58E195388D20070C39A /* Foundation.framework in Frameworks */ = {isa = PBXBuildFile; fileRef = 6003F58D195388D20070C39A /* Foundation.framework */; };
		6003F590195388D20070C39A /* CoreGraphics.framework in Frameworks */ = {isa = PBXBuildFile; fileRef = 6003F58F195388D20070C39A /* CoreGraphics.framework */; };
		6003F592195388D20070C39A /* UIKit.framework in Frameworks */ = {isa = PBXBuildFile; fileRef = 6003F591195388D20070C39A /* UIKit.framework */; };
		6003F598195388D20070C39A /* InfoPlist.strings in Resources */ = {isa = PBXBuildFile; fileRef = 6003F596195388D20070C39A /* InfoPlist.strings */; };
		6003F59A195388D20070C39A /* main.m in Sources */ = {isa = PBXBuildFile; fileRef = 6003F599195388D20070C39A /* main.m */; };
		6003F59E195388D20070C39A /* MACAppDelegate.m in Sources */ = {isa = PBXBuildFile; fileRef = 6003F59D195388D20070C39A /* MACAppDelegate.m */; };
		6003F5A7195388D20070C39A /* MACViewController.m in Sources */ = {isa = PBXBuildFile; fileRef = 6003F5A6195388D20070C39A /* MACViewController.m */; };
		6003F5A9195388D20070C39A /* Images.xcassets in Resources */ = {isa = PBXBuildFile; fileRef = 6003F5A8195388D20070C39A /* Images.xcassets */; };
		6003F5B0195388D20070C39A /* XCTest.framework in Frameworks */ = {isa = PBXBuildFile; fileRef = 6003F5AF195388D20070C39A /* XCTest.framework */; };
		6003F5B1195388D20070C39A /* Foundation.framework in Frameworks */ = {isa = PBXBuildFile; fileRef = 6003F58D195388D20070C39A /* Foundation.framework */; };
		6003F5B2195388D20070C39A /* UIKit.framework in Frameworks */ = {isa = PBXBuildFile; fileRef = 6003F591195388D20070C39A /* UIKit.framework */; };
		6003F5BA195388D20070C39A /* InfoPlist.strings in Resources */ = {isa = PBXBuildFile; fileRef = 6003F5B8195388D20070C39A /* InfoPlist.strings */; };
		6003F5BC195388D20070C39A /* Tests.m in Sources */ = {isa = PBXBuildFile; fileRef = 6003F5BB195388D20070C39A /* Tests.m */; };
		9DF9CBFE1CF4DA00004E0F7B /* ADV_EXECUTION in Resources */ = {isa = PBXBuildFile; fileRef = 9DF9CBFD1CF4DA00004E0F7B /* ADV_EXECUTION */; settings = {ASSET_TAGS = (); }; };
		9DF9CC001CF4DA0B004E0F7B /* CONTRIBUTING.md in Sources */ = {isa = PBXBuildFile; fileRef = 9DF9CBFF1CF4DA0B004E0F7B /* CONTRIBUTING.md */; settings = {ASSET_TAGS = (); }; };
		9DF9CC031CF4DB13004E0F7B /* Main.storyboard in Resources */ = {isa = PBXBuildFile; fileRef = 9DF9CC021CF4DB13004E0F7B /* Main.storyboard */; settings = {ASSET_TAGS = (); }; };
		9DF9CC0B1CF4E3BE004E0F7B /* Flight.m in Sources */ = {isa = PBXBuildFile; fileRef = 9DF9CC071CF4E3BE004E0F7B /* Flight.m */; settings = {ASSET_TAGS = (); }; };
		9DF9CC0C1CF4E3BE004E0F7B /* Reel.m in Sources */ = {isa = PBXBuildFile; fileRef = 9DF9CC081CF4E3BE004E0F7B /* Reel.m */; settings = {ASSET_TAGS = (); }; };
		9DF9CC0D1CF4E3BE004E0F7B /* FlightsTableViewController.m in Sources */ = {isa = PBXBuildFile; fileRef = 9DF9CC091CF4E3BE004E0F7B /* FlightsTableViewController.m */; settings = {ASSET_TAGS = (); }; };
		9DF9CC0E1CF4E3BE004E0F7B /* BookFlightViewController.m in Sources */ = {isa = PBXBuildFile; fileRef = 9DF9CC0A1CF4E3BE004E0F7B /* BookFlightViewController.m */; settings = {ASSET_TAGS = (); }; };
		9DF9CC1F1CF5042A004E0F7B /* sky_101.bmp in Resources */ = {isa = PBXBuildFile; fileRef = 9DF9CC1E1CF5042A004E0F7B /* sky_101.bmp */; settings = {ASSET_TAGS = (); }; };
		9DF9CC211CF518EA004E0F7B /* flight.jpg in Resources */ = {isa = PBXBuildFile; fileRef = 9DF9CC201CF518EA004E0F7B /* flight.jpg */; settings = {ASSET_TAGS = (); }; };
		9DF9CC241CF525A5004E0F7B /* flight_icon.png in Resources */ = {isa = PBXBuildFile; fileRef = 9DF9CC221CF525A5004E0F7B /* flight_icon.png */; settings = {ASSET_TAGS = (); }; };
		9DF9CC251CF525A5004E0F7B /* flight_path.jpg in Resources */ = {isa = PBXBuildFile; fileRef = 9DF9CC231CF525A5004E0F7B /* flight_path.jpg */; settings = {ASSET_TAGS = (); }; };
		9DF9CC271CF53646004E0F7B /* flights.plist in Resources */ = {isa = PBXBuildFile; fileRef = 9DF9CC261CF53646004E0F7B /* flights.plist */; settings = {ASSET_TAGS = (); }; };
/* End PBXBuildFile section */

/* Begin PBXContainerItemProxy section */
		6003F5B3195388D20070C39A /* PBXContainerItemProxy */ = {
			isa = PBXContainerItemProxy;
			containerPortal = 6003F582195388D10070C39A /* Project object */;
			proxyType = 1;
			remoteGlobalIDString = 6003F589195388D20070C39A;
			remoteInfo = DataStoreAdvanced;
		};
/* End PBXContainerItemProxy section */

/* Begin PBXCopyFilesBuildPhase section */
		9D1767DD1CFC0CDD00A6FB04 /* CopyFiles */ = {
			isa = PBXCopyFilesBuildPhase;
			buildActionMask = 2147483647;
			dstPath = /usr/share/man/man1/;
			dstSubfolderSpec = 0;
			files = (
			);
			runOnlyForDeploymentPostprocessing = 1;
		};
/* End PBXCopyFilesBuildPhase section */

/* Begin PBXFileReference section */
		3724A565EF80D0B6AE4B43D5 /* Pods_DataStoreAdvanced_Example.framework */ = {isa = PBXFileReference; explicitFileType = wrapper.framework; includeInIndex = 0; path = Pods_DataStoreAdvanced_Example.framework; sourceTree = BUILT_PRODUCTS_DIR; };
		45E1FA437A1D0AF0A8703A08 /* Pods-DataStoreAdvanced_Tests.release.xcconfig */ = {isa = PBXFileReference; includeInIndex = 1; lastKnownFileType = text.xcconfig; name = "Pods-DataStoreAdvanced_Tests.release.xcconfig"; path = "Pods/Target Support Files/Pods-DataStoreAdvanced_Tests/Pods-DataStoreAdvanced_Tests.release.xcconfig"; sourceTree = "<group>"; };
		6003F58A195388D20070C39A /* DataStoreAdvanced_Example.app */ = {isa = PBXFileReference; explicitFileType = wrapper.application; includeInIndex = 0; path = DataStoreAdvanced_Example.app; sourceTree = BUILT_PRODUCTS_DIR; };
		6003F58D195388D20070C39A /* Foundation.framework */ = {isa = PBXFileReference; lastKnownFileType = wrapper.framework; name = Foundation.framework; path = System/Library/Frameworks/Foundation.framework; sourceTree = SDKROOT; };
		6003F58F195388D20070C39A /* CoreGraphics.framework */ = {isa = PBXFileReference; lastKnownFileType = wrapper.framework; name = CoreGraphics.framework; path = System/Library/Frameworks/CoreGraphics.framework; sourceTree = SDKROOT; };
		6003F591195388D20070C39A /* UIKit.framework */ = {isa = PBXFileReference; lastKnownFileType = wrapper.framework; name = UIKit.framework; path = System/Library/Frameworks/UIKit.framework; sourceTree = SDKROOT; };
		6003F595195388D20070C39A /* DataStoreAdvanced-Info.plist */ = {isa = PBXFileReference; lastKnownFileType = text.plist.xml; path = "DataStoreAdvanced-Info.plist"; sourceTree = "<group>"; };
		6003F597195388D20070C39A /* en */ = {isa = PBXFileReference; lastKnownFileType = text.plist.strings; name = en; path = en.lproj/InfoPlist.strings; sourceTree = "<group>"; };
		6003F599195388D20070C39A /* main.m */ = {isa = PBXFileReference; lastKnownFileType = sourcecode.c.objc; path = main.m; sourceTree = "<group>"; };
		6003F59B195388D20070C39A /* DataStoreAdvanced-Prefix.pch */ = {isa = PBXFileReference; lastKnownFileType = sourcecode.c.h; path = "DataStoreAdvanced-Prefix.pch"; sourceTree = "<group>"; };
		6003F59C195388D20070C39A /* MACAppDelegate.h */ = {isa = PBXFileReference; lastKnownFileType = sourcecode.c.h; path = MACAppDelegate.h; sourceTree = "<group>"; };
		6003F59D195388D20070C39A /* MACAppDelegate.m */ = {isa = PBXFileReference; lastKnownFileType = sourcecode.c.objc; path = MACAppDelegate.m; sourceTree = "<group>"; };
		6003F5A5195388D20070C39A /* MACViewController.h */ = {isa = PBXFileReference; lastKnownFileType = sourcecode.c.h; path = MACViewController.h; sourceTree = "<group>"; };
		6003F5A6195388D20070C39A /* MACViewController.m */ = {isa = PBXFileReference; lastKnownFileType = sourcecode.c.objc; path = MACViewController.m; sourceTree = "<group>"; };
		6003F5A8195388D20070C39A /* Images.xcassets */ = {isa = PBXFileReference; lastKnownFileType = folder.assetcatalog; path = Images.xcassets; sourceTree = "<group>"; };
		6003F5AE195388D20070C39A /* DataStoreAdvanced_Tests.xctest */ = {isa = PBXFileReference; explicitFileType = wrapper.cfbundle; includeInIndex = 0; path = DataStoreAdvanced_Tests.xctest; sourceTree = BUILT_PRODUCTS_DIR; };
		6003F5AF195388D20070C39A /* XCTest.framework */ = {isa = PBXFileReference; lastKnownFileType = wrapper.framework; name = XCTest.framework; path = Library/Frameworks/XCTest.framework; sourceTree = DEVELOPER_DIR; };
		6003F5B7195388D20070C39A /* Tests-Info.plist */ = {isa = PBXFileReference; lastKnownFileType = text.plist.xml; path = "Tests-Info.plist"; sourceTree = "<group>"; };
		6003F5B9195388D20070C39A /* en */ = {isa = PBXFileReference; lastKnownFileType = text.plist.strings; name = en; path = en.lproj/InfoPlist.strings; sourceTree = "<group>"; };
		6003F5BB195388D20070C39A /* Tests.m */ = {isa = PBXFileReference; lastKnownFileType = sourcecode.c.objc; path = Tests.m; sourceTree = "<group>"; };
		606FC2411953D9B200FFA9A0 /* Tests-Prefix.pch */ = {isa = PBXFileReference; lastKnownFileType = sourcecode.c.h; path = "Tests-Prefix.pch"; sourceTree = "<group>"; };
		88406B40784F048E0DD872F9 /* Pods_DataStoreAdvanced_Populate.framework */ = {isa = PBXFileReference; explicitFileType = wrapper.framework; includeInIndex = 0; path = Pods_DataStoreAdvanced_Populate.framework; sourceTree = BUILT_PRODUCTS_DIR; };
		88BD87B000432429459E3C67 /* Pods_Pre_Populate.framework */ = {isa = PBXFileReference; explicitFileType = wrapper.framework; includeInIndex = 0; path = Pods_Pre_Populate.framework; sourceTree = BUILT_PRODUCTS_DIR; };
		8D8CF262785D46762CF13B57 /* DataStoreAdvanced.podspec */ = {isa = PBXFileReference; includeInIndex = 1; lastKnownFileType = text; name = DataStoreAdvanced.podspec; path = ../DataStoreAdvanced.podspec; sourceTree = "<group>"; };
		94194D0500444AEE8D66BB2C /* README.md */ = {isa = PBXFileReference; includeInIndex = 1; lastKnownFileType = net.daringfireball.markdown; name = README.md; path = ../README.md; sourceTree = "<group>"; };
		9D1767DF1CFC0CDD00A6FB04 /* DataStoreAdvanced_Populate */ = {isa = PBXFileReference; explicitFileType = "compiled.mach-o.executable"; includeInIndex = 0; path = DataStoreAdvanced_Populate; sourceTree = BUILT_PRODUCTS_DIR; };
		9D1AA1F31CFBB39100EAA633 /* DataStoreAdvanced.framework */ = {isa = PBXFileReference; lastKnownFileType = wrapper.framework; name = DataStoreAdvanced.framework; path = "Pods/../build/Debug-iphoneos/DataStoreAdvanced/DataStoreAdvanced.framework"; sourceTree = "<group>"; };
		9D2903EAB3865DB1E291C11D /* Pods-DataStoreAdvanced_Example.release.xcconfig */ = {isa = PBXFileReference; includeInIndex = 1; lastKnownFileType = text.xcconfig; name = "Pods-DataStoreAdvanced_Example.release.xcconfig"; path = "Pods/Target Support Files/Pods-DataStoreAdvanced_Example/Pods-DataStoreAdvanced_Example.release.xcconfig"; sourceTree = "<group>"; };
		9DF9CBFD1CF4DA00004E0F7B /* ADV_EXECUTION */ = {isa = PBXFileReference; fileEncoding = 4; lastKnownFileType = text; path = ADV_EXECUTION; sourceTree = "<group>"; };
		9DF9CBFF1CF4DA0B004E0F7B /* CONTRIBUTING.md */ = {isa = PBXFileReference; fileEncoding = 4; lastKnownFileType = net.daringfireball.markdown; path = CONTRIBUTING.md; sourceTree = "<group>"; };
		9DF9CC021CF4DB13004E0F7B /* Main.storyboard */ = {isa = PBXFileReference; fileEncoding = 4; lastKnownFileType = file.storyboard; path = Main.storyboard; sourceTree = "<group>"; };
		9DF9CC041CF4DC56004E0F7B /* BookFlightViewController.h */ = {isa = PBXFileReference; lastKnownFileType = sourcecode.c.h; path = BookFlightViewController.h; sourceTree = "<group>"; };
		9DF9CC051CF4DC78004E0F7B /* FlightsTableViewController.h */ = {isa = PBXFileReference; lastKnownFileType = sourcecode.c.h; path = FlightsTableViewController.h; sourceTree = "<group>"; };
		9DF9CC061CF4DC84004E0F7B /* Reel.h */ = {isa = PBXFileReference; lastKnownFileType = sourcecode.c.h; path = Reel.h; sourceTree = "<group>"; };
		9DF9CC071CF4E3BE004E0F7B /* Flight.m */ = {isa = PBXFileReference; fileEncoding = 4; lastKnownFileType = sourcecode.c.objc; path = Flight.m; sourceTree = "<group>"; };
		9DF9CC081CF4E3BE004E0F7B /* Reel.m */ = {isa = PBXFileReference; fileEncoding = 4; lastKnownFileType = sourcecode.c.objc; path = Reel.m; sourceTree = "<group>"; };
		9DF9CC091CF4E3BE004E0F7B /* FlightsTableViewController.m */ = {isa = PBXFileReference; fileEncoding = 4; lastKnownFileType = sourcecode.c.objc; path = FlightsTableViewController.m; sourceTree = "<group>"; };
		9DF9CC0A1CF4E3BE004E0F7B /* BookFlightViewController.m */ = {isa = PBXFileReference; fileEncoding = 4; lastKnownFileType = sourcecode.c.objc; path = BookFlightViewController.m; sourceTree = "<group>"; };
		9DF9CC1E1CF5042A004E0F7B /* sky_101.bmp */ = {isa = PBXFileReference; lastKnownFileType = image.bmp; path = sky_101.bmp; sourceTree = "<group>"; };
		9DF9CC201CF518EA004E0F7B /* flight.jpg */ = {isa = PBXFileReference; lastKnownFileType = image.jpeg; path = flight.jpg; sourceTree = "<group>"; };
		9DF9CC221CF525A5004E0F7B /* flight_icon.png */ = {isa = PBXFileReference; lastKnownFileType = image.png; path = flight_icon.png; sourceTree = "<group>"; };
		9DF9CC231CF525A5004E0F7B /* flight_path.jpg */ = {isa = PBXFileReference; lastKnownFileType = image.jpeg; path = flight_path.jpg; sourceTree = "<group>"; };
		9DF9CC261CF53646004E0F7B /* flights.plist */ = {isa = PBXFileReference; fileEncoding = 4; lastKnownFileType = text.plist.xml; path = flights.plist; sourceTree = "<group>"; };
		9DF9CC281CF62CE7004E0F7B /* Flight.h */ = {isa = PBXFileReference; fileEncoding = 4; lastKnownFileType = sourcecode.c.h; path = Flight.h; sourceTree = "<group>"; };
		A9A405BD776405945B9790D3 /* Pods-DataStoreAdvanced_Example.debug.xcconfig */ = {isa = PBXFileReference; includeInIndex = 1; lastKnownFileType = text.xcconfig; name = "Pods-DataStoreAdvanced_Example.debug.xcconfig"; path = "Pods/Target Support Files/Pods-DataStoreAdvanced_Example/Pods-DataStoreAdvanced_Example.debug.xcconfig"; sourceTree = "<group>"; };
		D1F56E667111B58D59820E1D /* Pods_DataStoreAdvanced_Tests.framework */ = {isa = PBXFileReference; explicitFileType = wrapper.framework; includeInIndex = 0; path = Pods_DataStoreAdvanced_Tests.framework; sourceTree = BUILT_PRODUCTS_DIR; };
		DDC849714CB696EDA7CDDA2E /* Pods-DataStoreAdvanced_Tests.debug.xcconfig */ = {isa = PBXFileReference; includeInIndex = 1; lastKnownFileType = text.xcconfig; name = "Pods-DataStoreAdvanced_Tests.debug.xcconfig"; path = "Pods/Target Support Files/Pods-DataStoreAdvanced_Tests/Pods-DataStoreAdvanced_Tests.debug.xcconfig"; sourceTree = "<group>"; };
		F0A49A60627249815157DD29 /* LICENSE */ = {isa = PBXFileReference; includeInIndex = 1; lastKnownFileType = text; name = LICENSE; path = ../LICENSE; sourceTree = "<group>"; };
/* End PBXFileReference section */

/* Begin PBXFrameworksBuildPhase section */
		6003F587195388D20070C39A /* Frameworks */ = {
			isa = PBXFrameworksBuildPhase;
			buildActionMask = 2147483647;
			files = (
				6003F590195388D20070C39A /* CoreGraphics.framework in Frameworks */,
				6003F592195388D20070C39A /* UIKit.framework in Frameworks */,
				6003F58E195388D20070C39A /* Foundation.framework in Frameworks */,
				14E90A2A0BE5672535CBF89A /* Pods_DataStoreAdvanced_Example.framework in Frameworks */,
			);
			runOnlyForDeploymentPostprocessing = 0;
		};
		6003F5AB195388D20070C39A /* Frameworks */ = {
			isa = PBXFrameworksBuildPhase;
			buildActionMask = 2147483647;
			files = (
				6003F5B0195388D20070C39A /* XCTest.framework in Frameworks */,
				6003F5B2195388D20070C39A /* UIKit.framework in Frameworks */,
				6003F5B1195388D20070C39A /* Foundation.framework in Frameworks */,
				0D8A9B2E37E18C7307B21E8F /* Pods_DataStoreAdvanced_Tests.framework in Frameworks */,
			);
			runOnlyForDeploymentPostprocessing = 0;
		};
		9D1767DC1CFC0CDD00A6FB04 /* Frameworks */ = {
			isa = PBXFrameworksBuildPhase;
			buildActionMask = 2147483647;
			files = (
			);
			runOnlyForDeploymentPostprocessing = 0;
		};
/* End PBXFrameworksBuildPhase section */

/* Begin PBXGroup section */
		6003F581195388D10070C39A = {
			isa = PBXGroup;
			children = (
				60FF7A9C1954A5C5007DD14C /* Podspec Metadata */,
				6003F593195388D20070C39A /* Example for DataStoreAdvanced */,
				6003F5B5195388D20070C39A /* Tests */,
				6003F58C195388D20070C39A /* Frameworks */,
				6003F58B195388D20070C39A /* Products */,
				DBAED5BA88BBA6E10D85FFA3 /* Pods */,
			);
			sourceTree = "<group>";
		};
		6003F58B195388D20070C39A /* Products */ = {
			isa = PBXGroup;
			children = (
				6003F58A195388D20070C39A /* DataStoreAdvanced_Example.app */,
				6003F5AE195388D20070C39A /* DataStoreAdvanced_Tests.xctest */,
				9D1767DF1CFC0CDD00A6FB04 /* DataStoreAdvanced_Populate */,
			);
			name = Products;
			sourceTree = "<group>";
		};
		6003F58C195388D20070C39A /* Frameworks */ = {
			isa = PBXGroup;
			children = (
				9D1AA1F31CFBB39100EAA633 /* DataStoreAdvanced.framework */,
				6003F58D195388D20070C39A /* Foundation.framework */,
				6003F58F195388D20070C39A /* CoreGraphics.framework */,
				6003F591195388D20070C39A /* UIKit.framework */,
				6003F5AF195388D20070C39A /* XCTest.framework */,
				3724A565EF80D0B6AE4B43D5 /* Pods_DataStoreAdvanced_Example.framework */,
				D1F56E667111B58D59820E1D /* Pods_DataStoreAdvanced_Tests.framework */,
				88BD87B000432429459E3C67 /* Pods_Pre_Populate.framework */,
				88406B40784F048E0DD872F9 /* Pods_DataStoreAdvanced_Populate.framework */,
			);
			name = Frameworks;
			sourceTree = "<group>";
		};
		6003F593195388D20070C39A /* Example for DataStoreAdvanced */ = {
			isa = PBXGroup;
			children = (
				9DF9CC011CF4DA23004E0F7B /* Headers */,
				6003F594195388D20070C39A /* Supporting Files */,
				9DF9CC071CF4E3BE004E0F7B /* Flight.m */,
				9DF9CC081CF4E3BE004E0F7B /* Reel.m */,
				9DF9CC091CF4E3BE004E0F7B /* FlightsTableViewController.m */,
				9DF9CC0A1CF4E3BE004E0F7B /* BookFlightViewController.m */,
				6003F59D195388D20070C39A /* MACAppDelegate.m */,
				6003F5A6195388D20070C39A /* MACViewController.m */,
			);
			name = "Example for DataStoreAdvanced";
			path = DataStoreAdvanced;
			sourceTree = "<group>";
		};
		6003F594195388D20070C39A /* Supporting Files */ = {
			isa = PBXGroup;
			children = (
				9DF9CC1D1CF50406004E0F7B /* Images */,
				9DF9CC021CF4DB13004E0F7B /* Main.storyboard */,
				6003F595195388D20070C39A /* DataStoreAdvanced-Info.plist */,
				6003F596195388D20070C39A /* InfoPlist.strings */,
				6003F599195388D20070C39A /* main.m */,
				6003F59B195388D20070C39A /* DataStoreAdvanced-Prefix.pch */,
				9DF9CC261CF53646004E0F7B /* flights.plist */,
			);
			name = "Supporting Files";
			sourceTree = "<group>";
		};
		6003F5B5195388D20070C39A /* Tests */ = {
			isa = PBXGroup;
			children = (
				6003F5BB195388D20070C39A /* Tests.m */,
				6003F5B6195388D20070C39A /* Supporting Files */,
			);
			path = Tests;
			sourceTree = "<group>";
		};
		6003F5B6195388D20070C39A /* Supporting Files */ = {
			isa = PBXGroup;
			children = (
				6003F5B7195388D20070C39A /* Tests-Info.plist */,
				6003F5B8195388D20070C39A /* InfoPlist.strings */,
				606FC2411953D9B200FFA9A0 /* Tests-Prefix.pch */,
			);
			name = "Supporting Files";
			sourceTree = "<group>";
		};
		60FF7A9C1954A5C5007DD14C /* Podspec Metadata */ = {
			isa = PBXGroup;
			children = (
				8D8CF262785D46762CF13B57 /* DataStoreAdvanced.podspec */,
				94194D0500444AEE8D66BB2C /* README.md */,
				F0A49A60627249815157DD29 /* LICENSE */,
				9DF9CBFF1CF4DA0B004E0F7B /* CONTRIBUTING.md */,
				9DF9CBFD1CF4DA00004E0F7B /* ADV_EXECUTION */,
			);
			name = "Podspec Metadata";
			sourceTree = "<group>";
		};
		9DF9CC011CF4DA23004E0F7B /* Headers */ = {
			isa = PBXGroup;
			children = (
				9DF9CC281CF62CE7004E0F7B /* Flight.h */,
				9DF9CC061CF4DC84004E0F7B /* Reel.h */,
				9DF9CC041CF4DC56004E0F7B /* BookFlightViewController.h */,
				9DF9CC051CF4DC78004E0F7B /* FlightsTableViewController.h */,
				6003F59C195388D20070C39A /* MACAppDelegate.h */,
				6003F5A5195388D20070C39A /* MACViewController.h */,
			);
			name = Headers;
			sourceTree = "<group>";
		};
		9DF9CC1D1CF50406004E0F7B /* Images */ = {
			isa = PBXGroup;
			children = (
				6003F5A8195388D20070C39A /* Images.xcassets */,
				9DF9CC221CF525A5004E0F7B /* flight_icon.png */,
				9DF9CC231CF525A5004E0F7B /* flight_path.jpg */,
				9DF9CC201CF518EA004E0F7B /* flight.jpg */,
				9DF9CC1E1CF5042A004E0F7B /* sky_101.bmp */,
			);
			name = Images;
			sourceTree = "<group>";
		};
		DBAED5BA88BBA6E10D85FFA3 /* Pods */ = {
			isa = PBXGroup;
			children = (
				A9A405BD776405945B9790D3 /* Pods-DataStoreAdvanced_Example.debug.xcconfig */,
				9D2903EAB3865DB1E291C11D /* Pods-DataStoreAdvanced_Example.release.xcconfig */,
				DDC849714CB696EDA7CDDA2E /* Pods-DataStoreAdvanced_Tests.debug.xcconfig */,
				45E1FA437A1D0AF0A8703A08 /* Pods-DataStoreAdvanced_Tests.release.xcconfig */,
			);
			name = Pods;
			sourceTree = "<group>";
		};
/* End PBXGroup section */

/* Begin PBXNativeTarget section */
		6003F589195388D20070C39A /* DataStoreAdvanced_Example */ = {
			isa = PBXNativeTarget;
			buildConfigurationList = 6003F5BF195388D20070C39A /* Build configuration list for PBXNativeTarget "DataStoreAdvanced_Example" */;
			buildPhases = (
				F07795506194FBB1FE2818C1 /* 📦 Check Pods Manifest.lock */,
				6003F586195388D20070C39A /* Sources */,
				6003F587195388D20070C39A /* Frameworks */,
				6003F588195388D20070C39A /* Resources */,
				614C6F2D08CACD6DD8430AC5 /* 📦 Embed Pods Frameworks */,
				2AD5C4A5050E8F53D79D3CDA /* 📦 Copy Pods Resources */,
			);
			buildRules = (
			);
			dependencies = (
			);
			name = DataStoreAdvanced_Example;
			productName = DataStoreAdvanced;
			productReference = 6003F58A195388D20070C39A /* DataStoreAdvanced_Example.app */;
			productType = "com.apple.product-type.application";
		};
		6003F5AD195388D20070C39A /* DataStoreAdvanced_Tests */ = {
			isa = PBXNativeTarget;
			buildConfigurationList = 6003F5C2195388D20070C39A /* Build configuration list for PBXNativeTarget "DataStoreAdvanced_Tests" */;
			buildPhases = (
				7D8CEAF0E9DBB7132C58D546 /* 📦 Check Pods Manifest.lock */,
				6003F5AA195388D20070C39A /* Sources */,
				6003F5AB195388D20070C39A /* Frameworks */,
				6003F5AC195388D20070C39A /* Resources */,
				303E14C774DD78C7E6F87553 /* 📦 Embed Pods Frameworks */,
				556B9FD5989436D734CE23BD /* 📦 Copy Pods Resources */,
			);
			buildRules = (
			);
			dependencies = (
				6003F5B4195388D20070C39A /* PBXTargetDependency */,
			);
			name = DataStoreAdvanced_Tests;
			productName = DataStoreAdvancedTests;
			productReference = 6003F5AE195388D20070C39A /* DataStoreAdvanced_Tests.xctest */;
			productType = "com.apple.product-type.bundle.unit-test";
		};
		9D1767DE1CFC0CDD00A6FB04 /* DataStoreAdvanced_Populate */ = {
			isa = PBXNativeTarget;
			buildConfigurationList = 9D1767E31CFC0CDD00A6FB04 /* Build configuration list for PBXNativeTarget "DataStoreAdvanced_Populate" */;
			buildPhases = (
				9D1767DB1CFC0CDD00A6FB04 /* Sources */,
				9D1767DC1CFC0CDD00A6FB04 /* Frameworks */,
				9D1767DD1CFC0CDD00A6FB04 /* CopyFiles */,
			);
			buildRules = (
			);
			dependencies = (
			);
			name = DataStoreAdvanced_Populate;
			productName = DataStoreAdvanced_Populate;
			productReference = 9D1767DF1CFC0CDD00A6FB04 /* DataStoreAdvanced_Populate */;
			productType = "com.apple.product-type.tool";
		};
/* End PBXNativeTarget section */

/* Begin PBXProject section */
		6003F582195388D10070C39A /* Project object */ = {
			isa = PBXProject;
			attributes = {
				CLASSPREFIX = MAC;
				LastUpgradeCheck = 0720;
				ORGANIZATIONNAME = "Christopher Miller";
				TargetAttributes = {
					6003F5AD195388D20070C39A = {
						TestTargetID = 6003F589195388D20070C39A;
					};
					9D1767DE1CFC0CDD00A6FB04 = {
						CreatedOnToolsVersion = 7.0.1;
					};
				};
			};
			buildConfigurationList = 6003F585195388D10070C39A /* Build configuration list for PBXProject "DataStoreAdvanced" */;
			compatibilityVersion = "Xcode 3.2";
			developmentRegion = English;
			hasScannedForEncodings = 0;
			knownRegions = (
				en,
				Base,
			);
			mainGroup = 6003F581195388D10070C39A;
			productRefGroup = 6003F58B195388D20070C39A /* Products */;
			projectDirPath = "";
			projectRoot = "";
			targets = (
				6003F589195388D20070C39A /* DataStoreAdvanced_Example */,
				6003F5AD195388D20070C39A /* DataStoreAdvanced_Tests */,
				9D1767DE1CFC0CDD00A6FB04 /* DataStoreAdvanced_Populate */,
			);
		};
/* End PBXProject section */

/* Begin PBXResourcesBuildPhase section */
		6003F588195388D20070C39A /* Resources */ = {
			isa = PBXResourcesBuildPhase;
			buildActionMask = 2147483647;
			files = (
				9DF9CC251CF525A5004E0F7B /* flight_path.jpg in Resources */,
				6003F5A9195388D20070C39A /* Images.xcassets in Resources */,
				9DF9CC241CF525A5004E0F7B /* flight_icon.png in Resources */,
				9DF9CC1F1CF5042A004E0F7B /* sky_101.bmp in Resources */,
				6003F598195388D20070C39A /* InfoPlist.strings in Resources */,
				9DF9CC211CF518EA004E0F7B /* flight.jpg in Resources */,
				9DF9CBFE1CF4DA00004E0F7B /* ADV_EXECUTION in Resources */,
				9DF9CC271CF53646004E0F7B /* flights.plist in Resources */,
				9DF9CC031CF4DB13004E0F7B /* Main.storyboard in Resources */,
			);
			runOnlyForDeploymentPostprocessing = 0;
		};
		6003F5AC195388D20070C39A /* Resources */ = {
			isa = PBXResourcesBuildPhase;
			buildActionMask = 2147483647;
			files = (
				6003F5BA195388D20070C39A /* InfoPlist.strings in Resources */,
			);
			runOnlyForDeploymentPostprocessing = 0;
		};
/* End PBXResourcesBuildPhase section */

/* Begin PBXShellScriptBuildPhase section */
		2AD5C4A5050E8F53D79D3CDA /* 📦 Copy Pods Resources */ = {
			isa = PBXShellScriptBuildPhase;
			buildActionMask = 2147483647;
			files = (
			);
			inputPaths = (
			);
			name = "📦 Copy Pods Resources";
			outputPaths = (
			);
			runOnlyForDeploymentPostprocessing = 0;
			shellPath = /bin/sh;
			shellScript = "\"${SRCROOT}/Pods/Target Support Files/Pods-DataStoreAdvanced_Example/Pods-DataStoreAdvanced_Example-resources.sh\"\n";
			showEnvVarsInLog = 0;
		};
		303E14C774DD78C7E6F87553 /* 📦 Embed Pods Frameworks */ = {
			isa = PBXShellScriptBuildPhase;
			buildActionMask = 2147483647;
			files = (
			);
			inputPaths = (
			);
			name = "📦 Embed Pods Frameworks";
			outputPaths = (
			);
			runOnlyForDeploymentPostprocessing = 0;
			shellPath = /bin/sh;
			shellScript = "\"${SRCROOT}/Pods/Target Support Files/Pods-DataStoreAdvanced_Tests/Pods-DataStoreAdvanced_Tests-frameworks.sh\"\n";
			showEnvVarsInLog = 0;
		};
		556B9FD5989436D734CE23BD /* 📦 Copy Pods Resources */ = {
			isa = PBXShellScriptBuildPhase;
			buildActionMask = 2147483647;
			files = (
			);
			inputPaths = (
			);
			name = "📦 Copy Pods Resources";
			outputPaths = (
			);
			runOnlyForDeploymentPostprocessing = 0;
			shellPath = /bin/sh;
			shellScript = "\"${SRCROOT}/Pods/Target Support Files/Pods-DataStoreAdvanced_Tests/Pods-DataStoreAdvanced_Tests-resources.sh\"\n";
			showEnvVarsInLog = 0;
		};
		614C6F2D08CACD6DD8430AC5 /* 📦 Embed Pods Frameworks */ = {
			isa = PBXShellScriptBuildPhase;
			buildActionMask = 2147483647;
			files = (
			);
			inputPaths = (
			);
			name = "📦 Embed Pods Frameworks";
			outputPaths = (
			);
			runOnlyForDeploymentPostprocessing = 0;
			shellPath = /bin/sh;
			shellScript = "\"${SRCROOT}/Pods/Target Support Files/Pods-DataStoreAdvanced_Example/Pods-DataStoreAdvanced_Example-frameworks.sh\"\n";
			showEnvVarsInLog = 0;
		};
		7D8CEAF0E9DBB7132C58D546 /* 📦 Check Pods Manifest.lock */ = {
			isa = PBXShellScriptBuildPhase;
			buildActionMask = 2147483647;
			files = (
			);
			inputPaths = (
			);
			name = "📦 Check Pods Manifest.lock";
			outputPaths = (
			);
			runOnlyForDeploymentPostprocessing = 0;
			shellPath = /bin/sh;
			shellScript = "diff \"${PODS_ROOT}/../Podfile.lock\" \"${PODS_ROOT}/Manifest.lock\" > /dev/null\nif [[ $? != 0 ]] ; then\n    cat << EOM\nerror: The sandbox is not in sync with the Podfile.lock. Run 'pod install' or update your CocoaPods installation.\nEOM\n    exit 1\nfi\n";
			showEnvVarsInLog = 0;
		};
		F07795506194FBB1FE2818C1 /* 📦 Check Pods Manifest.lock */ = {
			isa = PBXShellScriptBuildPhase;
			buildActionMask = 2147483647;
			files = (
			);
			inputPaths = (
			);
			name = "📦 Check Pods Manifest.lock";
			outputPaths = (
			);
			runOnlyForDeploymentPostprocessing = 0;
			shellPath = /bin/sh;
			shellScript = "diff \"${PODS_ROOT}/../Podfile.lock\" \"${PODS_ROOT}/Manifest.lock\" > /dev/null\nif [[ $? != 0 ]] ; then\n    cat << EOM\nerror: The sandbox is not in sync with the Podfile.lock. Run 'pod install' or update your CocoaPods installation.\nEOM\n    exit 1\nfi\n";
			showEnvVarsInLog = 0;
		};
/* End PBXShellScriptBuildPhase section */

/* Begin PBXSourcesBuildPhase section */
		6003F586195388D20070C39A /* Sources */ = {
			isa = PBXSourcesBuildPhase;
			buildActionMask = 2147483647;
			files = (
				6003F59E195388D20070C39A /* MACAppDelegate.m in Sources */,
				9DF9CC0C1CF4E3BE004E0F7B /* Reel.m in Sources */,
				6003F5A7195388D20070C39A /* MACViewController.m in Sources */,
				9DF9CC0D1CF4E3BE004E0F7B /* FlightsTableViewController.m in Sources */,
				9DF9CC001CF4DA0B004E0F7B /* CONTRIBUTING.md in Sources */,
				9DF9CC0E1CF4E3BE004E0F7B /* BookFlightViewController.m in Sources */,
				9DF9CC0B1CF4E3BE004E0F7B /* Flight.m in Sources */,
				6003F59A195388D20070C39A /* main.m in Sources */,
			);
			runOnlyForDeploymentPostprocessing = 0;
		};
		6003F5AA195388D20070C39A /* Sources */ = {
			isa = PBXSourcesBuildPhase;
			buildActionMask = 2147483647;
			files = (
				6003F5BC195388D20070C39A /* Tests.m in Sources */,
			);
			runOnlyForDeploymentPostprocessing = 0;
		};
		9D1767DB1CFC0CDD00A6FB04 /* Sources */ = {
			isa = PBXSourcesBuildPhase;
			buildActionMask = 2147483647;
			files = (
			);
			runOnlyForDeploymentPostprocessing = 0;
		};
/* End PBXSourcesBuildPhase section */

/* Begin PBXTargetDependency section */
		6003F5B4195388D20070C39A /* PBXTargetDependency */ = {
			isa = PBXTargetDependency;
			target = 6003F589195388D20070C39A /* DataStoreAdvanced_Example */;
			targetProxy = 6003F5B3195388D20070C39A /* PBXContainerItemProxy */;
		};
/* End PBXTargetDependency section */

/* Begin PBXVariantGroup section */
		6003F596195388D20070C39A /* InfoPlist.strings */ = {
			isa = PBXVariantGroup;
			children = (
				6003F597195388D20070C39A /* en */,
			);
			name = InfoPlist.strings;
			sourceTree = "<group>";
		};
		6003F5B8195388D20070C39A /* InfoPlist.strings */ = {
			isa = PBXVariantGroup;
			children = (
				6003F5B9195388D20070C39A /* en */,
			);
			name = InfoPlist.strings;
			sourceTree = "<group>";
		};
/* End PBXVariantGroup section */

/* Begin XCBuildConfiguration section */
		6003F5BD195388D20070C39A /* Debug */ = {
			isa = XCBuildConfiguration;
			buildSettings = {
				ALWAYS_SEARCH_USER_PATHS = NO;
				CLANG_CXX_LANGUAGE_STANDARD = "gnu++0x";
				CLANG_CXX_LIBRARY = "libc++";
				CLANG_ENABLE_MODULES = YES;
				CLANG_ENABLE_OBJC_ARC = YES;
				CLANG_WARN_BOOL_CONVERSION = YES;
				CLANG_WARN_CONSTANT_CONVERSION = YES;
				CLANG_WARN_DIRECT_OBJC_ISA_USAGE = YES_ERROR;
				CLANG_WARN_EMPTY_BODY = YES;
				CLANG_WARN_ENUM_CONVERSION = YES;
				CLANG_WARN_INT_CONVERSION = YES;
				CLANG_WARN_OBJC_ROOT_CLASS = YES_ERROR;
				CLANG_WARN__DUPLICATE_METHOD_MATCH = YES;
				"CODE_SIGN_IDENTITY[sdk=iphoneos*]" = "iPhone Developer";
				COPY_PHASE_STRIP = NO;
				ENABLE_TESTABILITY = YES;
				GCC_C_LANGUAGE_STANDARD = gnu99;
				GCC_DYNAMIC_NO_PIC = NO;
				GCC_OPTIMIZATION_LEVEL = 0;
				GCC_PREPROCESSOR_DEFINITIONS = (
					"DEBUG=1",
					"$(inherited)",
				);
				GCC_SYMBOLS_PRIVATE_EXTERN = NO;
				GCC_WARN_64_TO_32_BIT_CONVERSION = YES;
				GCC_WARN_ABOUT_RETURN_TYPE = YES_ERROR;
				GCC_WARN_UNDECLARED_SELECTOR = YES;
				GCC_WARN_UNINITIALIZED_AUTOS = YES_AGGRESSIVE;
				GCC_WARN_UNUSED_FUNCTION = YES;
				GCC_WARN_UNUSED_VARIABLE = YES;
				IPHONEOS_DEPLOYMENT_TARGET = 8.3;
				ONLY_ACTIVE_ARCH = YES;
				SDKROOT = iphoneos;
				TARGETED_DEVICE_FAMILY = "1,2";
			};
			name = Debug;
		};
		6003F5BE195388D20070C39A /* Release */ = {
			isa = XCBuildConfiguration;
			buildSettings = {
				ALWAYS_SEARCH_USER_PATHS = NO;
				CLANG_CXX_LANGUAGE_STANDARD = "gnu++0x";
				CLANG_CXX_LIBRARY = "libc++";
				CLANG_ENABLE_MODULES = YES;
				CLANG_ENABLE_OBJC_ARC = YES;
				CLANG_WARN_BOOL_CONVERSION = YES;
				CLANG_WARN_CONSTANT_CONVERSION = YES;
				CLANG_WARN_DIRECT_OBJC_ISA_USAGE = YES_ERROR;
				CLANG_WARN_EMPTY_BODY = YES;
				CLANG_WARN_ENUM_CONVERSION = YES;
				CLANG_WARN_INT_CONVERSION = YES;
				CLANG_WARN_OBJC_ROOT_CLASS = YES_ERROR;
				CLANG_WARN__DUPLICATE_METHOD_MATCH = YES;
				"CODE_SIGN_IDENTITY[sdk=iphoneos*]" = "iPhone Developer";
				COPY_PHASE_STRIP = YES;
				ENABLE_NS_ASSERTIONS = NO;
				GCC_C_LANGUAGE_STANDARD = gnu99;
				GCC_WARN_64_TO_32_BIT_CONVERSION = YES;
				GCC_WARN_ABOUT_RETURN_TYPE = YES_ERROR;
				GCC_WARN_UNDECLARED_SELECTOR = YES;
				GCC_WARN_UNINITIALIZED_AUTOS = YES_AGGRESSIVE;
				GCC_WARN_UNUSED_FUNCTION = YES;
				GCC_WARN_UNUSED_VARIABLE = YES;
				IPHONEOS_DEPLOYMENT_TARGET = 8.3;
				SDKROOT = iphoneos;
				TARGETED_DEVICE_FAMILY = "1,2";
				VALIDATE_PRODUCT = YES;
			};
			name = Release;
		};
		6003F5C0195388D20070C39A /* Debug */ = {
			isa = XCBuildConfiguration;
			baseConfigurationReference = A9A405BD776405945B9790D3 /* Pods-DataStoreAdvanced_Example.debug.xcconfig */;
			buildSettings = {
				ASSETCATALOG_COMPILER_APPICON_NAME = AppIcon;
				ASSETCATALOG_COMPILER_LAUNCHIMAGE_NAME = LaunchImage;
				CODE_SIGN_IDENTITY = "iPhone Developer";
				"CODE_SIGN_IDENTITY[sdk=iphoneos*]" = "iPhone Developer";
				GCC_PRECOMPILE_PREFIX_HEADER = YES;
				GCC_PREFIX_HEADER = "DataStoreAdvanced/DataStoreAdvanced-Prefix.pch";
				INFOPLIST_FILE = "DataStoreAdvanced/DataStoreAdvanced-Info.plist";
				MODULE_NAME = ExampleApp;
				PRODUCT_BUNDLE_IDENTIFIER = "org.cocoapods.demo.${PRODUCT_NAME:rfc1034identifier}";
				PRODUCT_NAME = "$(TARGET_NAME)";
				PROVISIONING_PROFILE = "";
				WRAPPER_EXTENSION = app;
			};
			name = Debug;
		};
		6003F5C1195388D20070C39A /* Release */ = {
			isa = XCBuildConfiguration;
			baseConfigurationReference = 9D2903EAB3865DB1E291C11D /* Pods-DataStoreAdvanced_Example.release.xcconfig */;
			buildSettings = {
				ASSETCATALOG_COMPILER_APPICON_NAME = AppIcon;
				ASSETCATALOG_COMPILER_LAUNCHIMAGE_NAME = LaunchImage;
				CODE_SIGN_IDENTITY = "iPhone Developer";
				"CODE_SIGN_IDENTITY[sdk=iphoneos*]" = "iPhone Developer";
				GCC_PRECOMPILE_PREFIX_HEADER = YES;
				GCC_PREFIX_HEADER = "DataStoreAdvanced/DataStoreAdvanced-Prefix.pch";
				INFOPLIST_FILE = "DataStoreAdvanced/DataStoreAdvanced-Info.plist";
				MODULE_NAME = ExampleApp;
				PRODUCT_BUNDLE_IDENTIFIER = "org.cocoapods.demo.${PRODUCT_NAME:rfc1034identifier}";
				PRODUCT_NAME = "$(TARGET_NAME)";
				PROVISIONING_PROFILE = "";
				WRAPPER_EXTENSION = app;
			};
			name = Release;
		};
		6003F5C3195388D20070C39A /* Debug */ = {
			isa = XCBuildConfiguration;
			baseConfigurationReference = DDC849714CB696EDA7CDDA2E /* Pods-DataStoreAdvanced_Tests.debug.xcconfig */;
			buildSettings = {
				BUNDLE_LOADER = "$(TEST_HOST)";
				FRAMEWORK_SEARCH_PATHS = (
					"$(SDKROOT)/Developer/Library/Frameworks",
					"$(inherited)",
					"$(DEVELOPER_FRAMEWORKS_DIR)",
				);
				GCC_PRECOMPILE_PREFIX_HEADER = YES;
				GCC_PREFIX_HEADER = "Tests/Tests-Prefix.pch";
				GCC_PREPROCESSOR_DEFINITIONS = (
					"DEBUG=1",
					"$(inherited)",
				);
				INFOPLIST_FILE = "Tests/Tests-Info.plist";
				PRODUCT_BUNDLE_IDENTIFIER = "org.cocoapods.demo.${PRODUCT_NAME:rfc1034identifier}";
				PRODUCT_NAME = "$(TARGET_NAME)";
				TEST_HOST = "$(BUILT_PRODUCTS_DIR)/DataStoreAdvanced_Example.app/DataStoreAdvanced_Example";
				WRAPPER_EXTENSION = xctest;
			};
			name = Debug;
		};
		6003F5C4195388D20070C39A /* Release */ = {
			isa = XCBuildConfiguration;
			baseConfigurationReference = 45E1FA437A1D0AF0A8703A08 /* Pods-DataStoreAdvanced_Tests.release.xcconfig */;
			buildSettings = {
				BUNDLE_LOADER = "$(TEST_HOST)";
				FRAMEWORK_SEARCH_PATHS = (
					"$(SDKROOT)/Developer/Library/Frameworks",
					"$(inherited)",
					"$(DEVELOPER_FRAMEWORKS_DIR)",
				);
				GCC_PRECOMPILE_PREFIX_HEADER = YES;
				GCC_PREFIX_HEADER = "Tests/Tests-Prefix.pch";
				INFOPLIST_FILE = "Tests/Tests-Info.plist";
				PRODUCT_BUNDLE_IDENTIFIER = "org.cocoapods.demo.${PRODUCT_NAME:rfc1034identifier}";
				PRODUCT_NAME = "$(TARGET_NAME)";
				TEST_HOST = "$(BUILT_PRODUCTS_DIR)/DataStoreAdvanced_Example.app/DataStoreAdvanced_Example";
				WRAPPER_EXTENSION = xctest;
			};
			name = Release;
		};
		9D1767E41CFC0CDD00A6FB04 /* Debug */ = {
			isa = XCBuildConfiguration;
			buildSettings = {
				CLANG_WARN_UNREACHABLE_CODE = YES;
				DEBUG_INFORMATION_FORMAT = dwarf;
				ENABLE_STRICT_OBJC_MSGSEND = YES;
				GCC_NO_COMMON_BLOCKS = YES;
				MACOSX_DEPLOYMENT_TARGET = 10.10;
				MTL_ENABLE_DEBUG_INFO = YES;
				PRODUCT_NAME = "$(TARGET_NAME)";
				SDKROOT = macosx;
			};
			name = Debug;
		};
		9D1767E51CFC0CDD00A6FB04 /* Release */ = {
			isa = XCBuildConfiguration;
			buildSettings = {
				CLANG_WARN_UNREACHABLE_CODE = YES;
				COPY_PHASE_STRIP = NO;
				DEBUG_INFORMATION_FORMAT = "dwarf-with-dsym";
				ENABLE_STRICT_OBJC_MSGSEND = YES;
				GCC_NO_COMMON_BLOCKS = YES;
				MACOSX_DEPLOYMENT_TARGET = 10.10;
				MTL_ENABLE_DEBUG_INFO = NO;
				PRODUCT_NAME = "$(TARGET_NAME)";
				SDKROOT = macosx;
			};
			name = Release;
		};
/* End XCBuildConfiguration section */

/* Begin XCConfigurationList section */
		6003F585195388D10070C39A /* Build configuration list for PBXProject "DataStoreAdvanced" */ = {
			isa = XCConfigurationList;
			buildConfigurations = (
				6003F5BD195388D20070C39A /* Debug */,
				6003F5BE195388D20070C39A /* Release */,
			);
			defaultConfigurationIsVisible = 0;
			defaultConfigurationName = Release;
		};
		6003F5BF195388D20070C39A /* Build configuration list for PBXNativeTarget "DataStoreAdvanced_Example" */ = {
			isa = XCConfigurationList;
			buildConfigurations = (
				6003F5C0195388D20070C39A /* Debug */,
				6003F5C1195388D20070C39A /* Release */,
			);
			defaultConfigurationIsVisible = 0;
			defaultConfigurationName = Release;
		};
		6003F5C2195388D20070C39A /* Build configuration list for PBXNativeTarget "DataStoreAdvanced_Tests" */ = {
			isa = XCConfigurationList;
			buildConfigurations = (
				6003F5C3195388D20070C39A /* Debug */,
				6003F5C4195388D20070C39A /* Release */,
			);
			defaultConfigurationIsVisible = 0;
			defaultConfigurationName = Release;
		};
		9D1767E31CFC0CDD00A6FB04 /* Build configuration list for PBXNativeTarget "DataStoreAdvanced_Populate" */ = {
			isa = XCConfigurationList;
			buildConfigurations = (
				9D1767E41CFC0CDD00A6FB04 /* Debug */,
				9D1767E51CFC0CDD00A6FB04 /* Release */,
			);
			defaultConfigurationIsVisible = 0;
			defaultConfigurationName = Release;
		};
/* End XCConfigurationList section */
	};
	rootObject = 6003F582195388D10070C39A /* Project object */;
}
