PODS:
  - DataStore (0.1.3):
    - FMDB
  - FMDB (2.6.2):
    - FMDB/standard (= 2.6.2)
  - FMDB/standard (2.6.2)

DEPENDENCIES:
  - DataStore (from `../`)
  - FMDB

EXTERNAL SOURCES:
  DataStore:
    :path: ../

SPEC CHECKSUMS:
  DataStore: b66a7a50ce7515bcfd19b350d3620ca2c3d032c1
  FMDB: 854a0341b4726e53276f2a8996f06f1b80f9259a

PODFILE CHECKSUM: 8769f7f32b21b52ed102de667f6f2eda97ecb6cb

COCOAPODS: 1.0.0
