PODS:
  - DataStoreAdvanced (2.1.6):
    - FMDB
  - FMDB (2.6.2):
    - FMDB/standard (= 2.6.2)
  - FMDB/standard (2.6.2)

DEPENDENCIES:
  - DataStoreAdvanced (from `../`)
  - FMDB

EXTERNAL SOURCES:
  DataStoreAdvanced:
    :path: ../

SPEC CHECKSUMS:
  DataStoreAdvanced: acc61e61cfab45981e8c1298ef5afbc51941c407
  FMDB: 854a0341b4726e53276f2a8996f06f1b80f9259a

PODFILE CHECKSUM: 30fda8fe1ca663858928ff3353deee4634c459b6

COCOAPODS: 1.0.0
