// !$*UTF8*$!
{
	archiveVersion = 1;
	classes = {
	};
	objectVersion = 46;
	objects = {

/* Begin PBXBuildFile section */
		9D46BFE51CFDF3DE001631ED /* OSXDataStore.h in Headers */ = {isa = PBXBuildFile; fileRef = 9D46BFE41CFDF3DE001631ED /* OSXDataStore.h */; settings = {ATTRIBUTES = (Public, ); }; };
		9D46BFEC1CFDF3DE001631ED /* OSXDataStore.framework in Frameworks */ = {isa = PBXBuildFile; fileRef = 9D46BFE11CFDF3DE001631ED /* OSXDataStore.framework */; };
		9D46BFF11CFDF3DE001631ED /* OSXTests.m in Sources */ = {isa = PBXBuildFile; fileRef = 9D46BFF01CFDF3DE001631ED /* OSXTests.m */; };
		9D46BFF91CFDF486001631ED /* Model.h in Headers */ = {isa = PBXBuildFile; fileRef = 9D46BFDA1CFDF390001631ED /* Model.h */; settings = {ATTRIBUTES = (Public, ); }; };
		9D46BFFA1CFDF497001631ED /* Model.m in Sources */ = {isa = PBXBuildFile; fileRef = 9D46BFDB1CFDF390001631ED /* Model.m */; };
		9D46C0031CFDF705001631ED /* iOSDataStore.h in Headers */ = {isa = PBXBuildFile; fileRef = 9D46C0021CFDF705001631ED /* iOSDataStore.h */; settings = {ATTRIBUTES = (Public, ); }; };
		9D46C00A1CFDF705001631ED /* iOSDataStore.framework in Frameworks */ = {isa = PBXBuildFile; fileRef = 9D46C0001CFDF705001631ED /* iOSDataStore.framework */; };
		9D46C00F1CFDF705001631ED /* iOSTests.m in Sources */ = {isa = PBXBuildFile; fileRef = 9D46C00E1CFDF705001631ED /* iOSTests.m */; };
		9D46C0171CFDF718001631ED /* Model.h in Headers */ = {isa = PBXBuildFile; fileRef = 9D46BFDA1CFDF390001631ED /* Model.h */; settings = {ATTRIBUTES = (Public, ); }; };
		9D46C0181CFDF71F001631ED /* Model.m in Sources */ = {isa = PBXBuildFile; fileRef = 9D46BFDB1CFDF390001631ED /* Model.m */; };
		9D46C0511CFE057D001631ED /* libsqlite3.tbd in Frameworks */ = {isa = PBXBuildFile; fileRef = 9D46C0501CFE057D001631ED /* libsqlite3.tbd */; };
		9D46C0531CFE0593001631ED /* Foundation.framework in Frameworks */ = {isa = PBXBuildFile; fileRef = 9D46C0521CFE0593001631ED /* Foundation.framework */; };
		9D46C09D1CFE074C001631ED /* libsqlite3.tbd in Frameworks */ = {isa = PBXBuildFile; fileRef = 9D46C09C1CFE074C001631ED /* libsqlite3.tbd */; };
		9D46C0A31CFE096B001631ED /* DataStoreHelper.h in Headers */ = {isa = PBXBuildFile; fileRef = 9D46C09F1CFE096B001631ED /* DataStoreHelper.h */; settings = {ATTRIBUTES = (Public, ); }; };
		9D46C0A41CFE096B001631ED /* DataStoreHelper.h in Headers */ = {isa = PBXBuildFile; fileRef = 9D46C09F1CFE096B001631ED /* DataStoreHelper.h */; settings = {ATTRIBUTES = (Public, ); }; };
		9D46C0A51CFE096B001631ED /* DataStoreHelper.m in Sources */ = {isa = PBXBuildFile; fileRef = 9D46C0A01CFE096B001631ED /* DataStoreHelper.m */; };
		9D46C0A61CFE096B001631ED /* DataStoreHelper.m in Sources */ = {isa = PBXBuildFile; fileRef = 9D46C0A01CFE096B001631ED /* DataStoreHelper.m */; };
		9D46C0A71CFE096B001631ED /* ExtendNSLogFunctionality.h in Headers */ = {isa = PBXBuildFile; fileRef = 9D46C0A11CFE096B001631ED /* ExtendNSLogFunctionality.h */; settings = {ATTRIBUTES = (Public, ); }; };
		9D46C0A81CFE096B001631ED /* ExtendNSLogFunctionality.h in Headers */ = {isa = PBXBuildFile; fileRef = 9D46C0A11CFE096B001631ED /* ExtendNSLogFunctionality.h */; settings = {ATTRIBUTES = (Public, ); }; };
		9D46C0A91CFE096B001631ED /* ExtendNSLogFunctionality.m in Sources */ = {isa = PBXBuildFile; fileRef = 9D46C0A21CFE096B001631ED /* ExtendNSLogFunctionality.m */; };
		9D46C0AA1CFE096B001631ED /* ExtendNSLogFunctionality.m in Sources */ = {isa = PBXBuildFile; fileRef = 9D46C0A21CFE096B001631ED /* ExtendNSLogFunctionality.m */; };
		9D46C0B91CFE0AB0001631ED /* FMDatabase.h in Headers */ = {isa = PBXBuildFile; fileRef = 9D46C0AD1CFE0AB0001631ED /* FMDatabase.h */; };
		9D46C0BA1CFE0AB0001631ED /* FMDatabase.h in Headers */ = {isa = PBXBuildFile; fileRef = 9D46C0AD1CFE0AB0001631ED /* FMDatabase.h */; };
		9D46C0BB1CFE0AB0001631ED /* FMDatabase.m in Sources */ = {isa = PBXBuildFile; fileRef = 9D46C0AE1CFE0AB0001631ED /* FMDatabase.m */; };
		9D46C0BC1CFE0AB0001631ED /* FMDatabase.m in Sources */ = {isa = PBXBuildFile; fileRef = 9D46C0AE1CFE0AB0001631ED /* FMDatabase.m */; };
		9D46C0BD1CFE0AB0001631ED /* FMDatabase.m in Sources */ = {isa = PBXBuildFile; fileRef = 9D46C0AE1CFE0AB0001631ED /* FMDatabase.m */; };
		9D46C0BE1CFE0AB0001631ED /* FMDatabase.m in Sources */ = {isa = PBXBuildFile; fileRef = 9D46C0AE1CFE0AB0001631ED /* FMDatabase.m */; };
		9D46C0BF1CFE0AB0001631ED /* FMDatabaseAdditions.h in Headers */ = {isa = PBXBuildFile; fileRef = 9D46C0AF1CFE0AB0001631ED /* FMDatabaseAdditions.h */; };
		9D46C0C01CFE0AB0001631ED /* FMDatabaseAdditions.h in Headers */ = {isa = PBXBuildFile; fileRef = 9D46C0AF1CFE0AB0001631ED /* FMDatabaseAdditions.h */; };
		9D46C0C11CFE0AB0001631ED /* FMDatabaseAdditions.m in Sources */ = {isa = PBXBuildFile; fileRef = 9D46C0B01CFE0AB0001631ED /* FMDatabaseAdditions.m */; };
		9D46C0C21CFE0AB0001631ED /* FMDatabaseAdditions.m in Sources */ = {isa = PBXBuildFile; fileRef = 9D46C0B01CFE0AB0001631ED /* FMDatabaseAdditions.m */; };
		9D46C0C31CFE0AB0001631ED /* FMDatabaseAdditions.m in Sources */ = {isa = PBXBuildFile; fileRef = 9D46C0B01CFE0AB0001631ED /* FMDatabaseAdditions.m */; };
		9D46C0C41CFE0AB0001631ED /* FMDatabaseAdditions.m in Sources */ = {isa = PBXBuildFile; fileRef = 9D46C0B01CFE0AB0001631ED /* FMDatabaseAdditions.m */; };
		9D46C0C51CFE0AB0001631ED /* FMDatabasePool.h in Headers */ = {isa = PBXBuildFile; fileRef = 9D46C0B11CFE0AB0001631ED /* FMDatabasePool.h */; };
		9D46C0C61CFE0AB0001631ED /* FMDatabasePool.h in Headers */ = {isa = PBXBuildFile; fileRef = 9D46C0B11CFE0AB0001631ED /* FMDatabasePool.h */; };
		9D46C0C71CFE0AB0001631ED /* FMDatabasePool.m in Sources */ = {isa = PBXBuildFile; fileRef = 9D46C0B21CFE0AB0001631ED /* FMDatabasePool.m */; };
		9D46C0C81CFE0AB0001631ED /* FMDatabasePool.m in Sources */ = {isa = PBXBuildFile; fileRef = 9D46C0B21CFE0AB0001631ED /* FMDatabasePool.m */; };
		9D46C0C91CFE0AB0001631ED /* FMDatabasePool.m in Sources */ = {isa = PBXBuildFile; fileRef = 9D46C0B21CFE0AB0001631ED /* FMDatabasePool.m */; };
		9D46C0CA1CFE0AB0001631ED /* FMDatabasePool.m in Sources */ = {isa = PBXBuildFile; fileRef = 9D46C0B21CFE0AB0001631ED /* FMDatabasePool.m */; };
		9D46C0CB1CFE0AB0001631ED /* FMDatabaseQueue.h in Headers */ = {isa = PBXBuildFile; fileRef = 9D46C0B31CFE0AB0001631ED /* FMDatabaseQueue.h */; };
		9D46C0CC1CFE0AB0001631ED /* FMDatabaseQueue.h in Headers */ = {isa = PBXBuildFile; fileRef = 9D46C0B31CFE0AB0001631ED /* FMDatabaseQueue.h */; };
		9D46C0CD1CFE0AB0001631ED /* FMDatabaseQueue.m in Sources */ = {isa = PBXBuildFile; fileRef = 9D46C0B41CFE0AB0001631ED /* FMDatabaseQueue.m */; };
		9D46C0CE1CFE0AB0001631ED /* FMDatabaseQueue.m in Sources */ = {isa = PBXBuildFile; fileRef = 9D46C0B41CFE0AB0001631ED /* FMDatabaseQueue.m */; };
		9D46C0CF1CFE0AB0001631ED /* FMDatabaseQueue.m in Sources */ = {isa = PBXBuildFile; fileRef = 9D46C0B41CFE0AB0001631ED /* FMDatabaseQueue.m */; };
		9D46C0D01CFE0AB0001631ED /* FMDatabaseQueue.m in Sources */ = {isa = PBXBuildFile; fileRef = 9D46C0B41CFE0AB0001631ED /* FMDatabaseQueue.m */; };
		9D46C0D11CFE0AB0001631ED /* FMDB.h in Headers */ = {isa = PBXBuildFile; fileRef = 9D46C0B51CFE0AB0001631ED /* FMDB.h */; };
		9D46C0D21CFE0AB0001631ED /* FMDB.h in Headers */ = {isa = PBXBuildFile; fileRef = 9D46C0B51CFE0AB0001631ED /* FMDB.h */; };
		9D46C0D31CFE0AB0001631ED /* FMResultSet.h in Headers */ = {isa = PBXBuildFile; fileRef = 9D46C0B61CFE0AB0001631ED /* FMResultSet.h */; };
		9D46C0D41CFE0AB0001631ED /* FMResultSet.h in Headers */ = {isa = PBXBuildFile; fileRef = 9D46C0B61CFE0AB0001631ED /* FMResultSet.h */; };
		9D46C0D51CFE0AB0001631ED /* FMResultSet.m in Sources */ = {isa = PBXBuildFile; fileRef = 9D46C0B71CFE0AB0001631ED /* FMResultSet.m */; };
		9D46C0D61CFE0AB0001631ED /* FMResultSet.m in Sources */ = {isa = PBXBuildFile; fileRef = 9D46C0B71CFE0AB0001631ED /* FMResultSet.m */; };
		9D46C0D71CFE0AB0001631ED /* FMResultSet.m in Sources */ = {isa = PBXBuildFile; fileRef = 9D46C0B71CFE0AB0001631ED /* FMResultSet.m */; };
		9D46C0D81CFE0AB0001631ED /* FMResultSet.m in Sources */ = {isa = PBXBuildFile; fileRef = 9D46C0B71CFE0AB0001631ED /* FMResultSet.m */; };
		9D46C0D91CFE0AB0001631ED /* Info.plist in Resources */ = {isa = PBXBuildFile; fileRef = 9D46C0B81CFE0AB0001631ED /* Info.plist */; };
		9D46C0DA1CFE0AB0001631ED /* Info.plist in Resources */ = {isa = PBXBuildFile; fileRef = 9D46C0B81CFE0AB0001631ED /* Info.plist */; };
		9D46C0DB1CFE0AB0001631ED /* Info.plist in Resources */ = {isa = PBXBuildFile; fileRef = 9D46C0B81CFE0AB0001631ED /* Info.plist */; };
		9D46C0DC1CFE0AB0001631ED /* Info.plist in Resources */ = {isa = PBXBuildFile; fileRef = 9D46C0B81CFE0AB0001631ED /* Info.plist */; };
		9D46C0DE1CFE118B001631ED /* libsqlite3.tbd in Frameworks */ = {isa = PBXBuildFile; fileRef = 9D46C0DD1CFE118B001631ED /* libsqlite3.tbd */; };
		9D46C0DF1CFE1195001631ED /* libsqlite3.tbd in Frameworks */ = {isa = PBXBuildFile; fileRef = 9D46C09C1CFE074C001631ED /* libsqlite3.tbd */; };
		9D46C0F31CFE25A3001631ED /* AppDelegate.swift in Sources */ = {isa = PBXBuildFile; fileRef = 9D46C0F21CFE25A3001631ED /* AppDelegate.swift */; };
		9D46C0F51CFE25A3001631ED /* ViewController.swift in Sources */ = {isa = PBXBuildFile; fileRef = 9D46C0F41CFE25A3001631ED /* ViewController.swift */; };
		9D46C0F81CFE25A3001631ED /* Main.storyboard in Resources */ = {isa = PBXBuildFile; fileRef = 9D46C0F61CFE25A3001631ED /* Main.storyboard */; };
		9D46C0FA1CFE25A3001631ED /* Assets.xcassets in Resources */ = {isa = PBXBuildFile; fileRef = 9D46C0F91CFE25A3001631ED /* Assets.xcassets */; };
		9D46C0FD1CFE25A3001631ED /* LaunchScreen.storyboard in Resources */ = {isa = PBXBuildFile; fileRef = 9D46C0FB1CFE25A3001631ED /* LaunchScreen.storyboard */; };
		9D46C1031CFE2615001631ED /* ReelExampleDB.sqlite in Resources */ = {isa = PBXBuildFile; fileRef = 9D46C1021CFE2615001631ED /* ReelExampleDB.sqlite */; };
		9D46C1071CFE2A36001631ED /* Reel.swift in Sources */ = {isa = PBXBuildFile; fileRef = 9D46C1061CFE2A36001631ED /* Reel.swift */; };
		9D46C10F1CFE3636001631ED /* main.m in Sources */ = {isa = PBXBuildFile; fileRef = 9D46C10E1CFE3636001631ED /* main.m */; };
		9D46C1711CFE539B001631ED /* OSXDataStore.framework in Frameworks */ = {isa = PBXBuildFile; fileRef = 9D46BFE11CFDF3DE001631ED /* OSXDataStore.framework */; };
		9D613E301CFE5657003C59E8 /* Reels.json in Resources */ = {isa = PBXBuildFile; fileRef = 9D613E2F1CFE5657003C59E8 /* Reels.json */; };
		9D613E331CFE567D003C59E8 /* Reels.json in CopyFiles */ = {isa = PBXBuildFile; fileRef = 9D613E2F1CFE5657003C59E8 /* Reels.json */; };
		9D613E351CFE5C54003C59E8 /* Reels.json in CopyFiles */ = {isa = PBXBuildFile; fileRef = 9D613E2F1CFE5657003C59E8 /* Reels.json */; };
		9D613E361CFE5CB4003C59E8 /* Reels.json in Resources */ = {isa = PBXBuildFile; fileRef = 9D613E2F1CFE5657003C59E8 /* Reels.json */; };
		9DD4E8181D023B8600211C80 /* ADV_EXECUTION in Resources */ = {isa = PBXBuildFile; fileRef = 9DD4E8171D023B8600211C80 /* ADV_EXECUTION */; };
/* End PBXBuildFile section */

/* Begin PBXContainerItemProxy section */
		9D46BFED1CFDF3DE001631ED /* PBXContainerItemProxy */ = {
			isa = PBXContainerItemProxy;
			containerPortal = 9D46BFD41CFDF311001631ED /* Project object */;
			proxyType = 1;
			remoteGlobalIDString = 9D46BFE01CFDF3DE001631ED;
			remoteInfo = OSX;
		};
		9D46C00B1CFDF705001631ED /* PBXContainerItemProxy */ = {
			isa = PBXContainerItemProxy;
			containerPortal = 9D46BFD41CFDF311001631ED /* Project object */;
			proxyType = 1;
			remoteGlobalIDString = 9D46BFFF1CFDF705001631ED;
			remoteInfo = iOS;
		};
/* End PBXContainerItemProxy section */

/* Begin PBXCopyFilesBuildPhase section */
		9D613E321CFE5674003C59E8 /* CopyFiles */ = {
			isa = PBXCopyFilesBuildPhase;
			buildActionMask = 2147483647;
			dstPath = "";
			dstSubfolderSpec = 7;
			files = (
				9D613E331CFE567D003C59E8 /* Reels.json in CopyFiles */,
			);
			runOnlyForDeploymentPostprocessing = 0;
		};
		9D613E341CFE5C4E003C59E8 /* CopyFiles */ = {
			isa = PBXCopyFilesBuildPhase;
			buildActionMask = 2147483647;
			dstPath = "";
			dstSubfolderSpec = 7;
			files = (
				9D613E351CFE5C54003C59E8 /* Reels.json in CopyFiles */,
			);
			runOnlyForDeploymentPostprocessing = 0;
		};
/* End PBXCopyFilesBuildPhase section */

/* Begin PBXFileReference section */
		9D46BFDA1CFDF390001631ED /* Model.h */ = {isa = PBXFileReference; lastKnownFileType = sourcecode.c.h; path = Model.h; sourceTree = "<group>"; };
		9D46BFDB1CFDF390001631ED /* Model.m */ = {isa = PBXFileReference; lastKnownFileType = sourcecode.c.objc; path = Model.m; sourceTree = "<group>"; };
		9D46BFE11CFDF3DE001631ED /* OSXDataStore.framework */ = {isa = PBXFileReference; explicitFileType = wrapper.framework; includeInIndex = 0; path = OSXDataStore.framework; sourceTree = BUILT_PRODUCTS_DIR; };
		9D46BFE41CFDF3DE001631ED /* OSXDataStore.h */ = {isa = PBXFileReference; lastKnownFileType = sourcecode.c.h; path = OSXDataStore.h; sourceTree = "<group>"; };
		9D46BFE61CFDF3DE001631ED /* Info.plist */ = {isa = PBXFileReference; lastKnownFileType = text.plist.xml; path = Info.plist; sourceTree = "<group>"; };
		9D46BFEB1CFDF3DE001631ED /* OSXTests.xctest */ = {isa = PBXFileReference; explicitFileType = wrapper.cfbundle; includeInIndex = 0; path = OSXTests.xctest; sourceTree = BUILT_PRODUCTS_DIR; };
		9D46BFF01CFDF3DE001631ED /* OSXTests.m */ = {isa = PBXFileReference; lastKnownFileType = sourcecode.c.objc; path = OSXTests.m; sourceTree = "<group>"; };
		9D46BFF21CFDF3DE001631ED /* Info.plist */ = {isa = PBXFileReference; lastKnownFileType = text.plist.xml; path = Info.plist; sourceTree = "<group>"; };
		9D46C0001CFDF705001631ED /* iOSDataStore.framework */ = {isa = PBXFileReference; explicitFileType = wrapper.framework; includeInIndex = 0; path = iOSDataStore.framework; sourceTree = BUILT_PRODUCTS_DIR; };
		9D46C0021CFDF705001631ED /* iOSDataStore.h */ = {isa = PBXFileReference; lastKnownFileType = sourcecode.c.h; path = iOSDataStore.h; sourceTree = "<group>"; };
		9D46C0041CFDF705001631ED /* Info.plist */ = {isa = PBXFileReference; lastKnownFileType = text.plist.xml; path = Info.plist; sourceTree = "<group>"; };
		9D46C0091CFDF705001631ED /* iOSTests.xctest */ = {isa = PBXFileReference; explicitFileType = wrapper.cfbundle; includeInIndex = 0; path = iOSTests.xctest; sourceTree = BUILT_PRODUCTS_DIR; };
		9D46C00E1CFDF705001631ED /* iOSTests.m */ = {isa = PBXFileReference; lastKnownFileType = sourcecode.c.objc; path = iOSTests.m; sourceTree = "<group>"; };
		9D46C0101CFDF705001631ED /* Info.plist */ = {isa = PBXFileReference; lastKnownFileType = text.plist.xml; path = Info.plist; sourceTree = "<group>"; };
		9D46C0501CFE057D001631ED /* libsqlite3.tbd */ = {isa = PBXFileReference; lastKnownFileType = "sourcecode.text-based-dylib-definition"; name = libsqlite3.tbd; path = /Applications/Xcode.app/Contents/Developer/Platforms/MacOSX.platform/Developer/SDKs/MacOSX10.11.sdk/usr/lib/libsqlite3.tbd; sourceTree = "<absolute>"; };
		9D46C0521CFE0593001631ED /* Foundation.framework */ = {isa = PBXFileReference; lastKnownFileType = wrapper.framework; name = Foundation.framework; path = System/Library/Frameworks/Foundation.framework; sourceTree = SDKROOT; };
		9D46C09C1CFE074C001631ED /* libsqlite3.tbd */ = {isa = PBXFileReference; lastKnownFileType = "sourcecode.text-based-dylib-definition"; name = libsqlite3.tbd; path = Platforms/iPhoneOS.platform/Developer/SDKs/iPhoneOS9.0.sdk/usr/lib/libsqlite3.tbd; sourceTree = DEVELOPER_DIR; };
		9D46C09F1CFE096B001631ED /* DataStoreHelper.h */ = {isa = PBXFileReference; fileEncoding = 4; lastKnownFileType = sourcecode.c.h; path = DataStoreHelper.h; sourceTree = "<group>"; };
		9D46C0A01CFE096B001631ED /* DataStoreHelper.m */ = {isa = PBXFileReference; fileEncoding = 4; lastKnownFileType = sourcecode.c.objc; path = DataStoreHelper.m; sourceTree = "<group>"; };
		9D46C0A11CFE096B001631ED /* ExtendNSLogFunctionality.h */ = {isa = PBXFileReference; fileEncoding = 4; lastKnownFileType = sourcecode.c.h; path = ExtendNSLogFunctionality.h; sourceTree = "<group>"; };
		9D46C0A21CFE096B001631ED /* ExtendNSLogFunctionality.m */ = {isa = PBXFileReference; fileEncoding = 4; lastKnownFileType = sourcecode.c.objc; path = ExtendNSLogFunctionality.m; sourceTree = "<group>"; };
		9D46C0AD1CFE0AB0001631ED /* FMDatabase.h */ = {isa = PBXFileReference; fileEncoding = 4; lastKnownFileType = sourcecode.c.h; path = FMDatabase.h; sourceTree = "<group>"; };
		9D46C0AE1CFE0AB0001631ED /* FMDatabase.m */ = {isa = PBXFileReference; fileEncoding = 4; lastKnownFileType = sourcecode.c.objc; path = FMDatabase.m; sourceTree = "<group>"; };
		9D46C0AF1CFE0AB0001631ED /* FMDatabaseAdditions.h */ = {isa = PBXFileReference; fileEncoding = 4; lastKnownFileType = sourcecode.c.h; path = FMDatabaseAdditions.h; sourceTree = "<group>"; };
		9D46C0B01CFE0AB0001631ED /* FMDatabaseAdditions.m */ = {isa = PBXFileReference; fileEncoding = 4; lastKnownFileType = sourcecode.c.objc; path = FMDatabaseAdditions.m; sourceTree = "<group>"; };
		9D46C0B11CFE0AB0001631ED /* FMDatabasePool.h */ = {isa = PBXFileReference; fileEncoding = 4; lastKnownFileType = sourcecode.c.h; path = FMDatabasePool.h; sourceTree = "<group>"; };
		9D46C0B21CFE0AB0001631ED /* FMDatabasePool.m */ = {isa = PBXFileReference; fileEncoding = 4; lastKnownFileType = sourcecode.c.objc; path = FMDatabasePool.m; sourceTree = "<group>"; };
		9D46C0B31CFE0AB0001631ED /* FMDatabaseQueue.h */ = {isa = PBXFileReference; fileEncoding = 4; lastKnownFileType = sourcecode.c.h; path = FMDatabaseQueue.h; sourceTree = "<group>"; };
		9D46C0B41CFE0AB0001631ED /* FMDatabaseQueue.m */ = {isa = PBXFileReference; fileEncoding = 4; lastKnownFileType = sourcecode.c.objc; path = FMDatabaseQueue.m; sourceTree = "<group>"; };
		9D46C0B51CFE0AB0001631ED /* FMDB.h */ = {isa = PBXFileReference; fileEncoding = 4; lastKnownFileType = sourcecode.c.h; path = FMDB.h; sourceTree = "<group>"; };
		9D46C0B61CFE0AB0001631ED /* FMResultSet.h */ = {isa = PBXFileReference; fileEncoding = 4; lastKnownFileType = sourcecode.c.h; path = FMResultSet.h; sourceTree = "<group>"; };
		9D46C0B71CFE0AB0001631ED /* FMResultSet.m */ = {isa = PBXFileReference; fileEncoding = 4; lastKnownFileType = sourcecode.c.objc; path = FMResultSet.m; sourceTree = "<group>"; };
		9D46C0B81CFE0AB0001631ED /* Info.plist */ = {isa = PBXFileReference; fileEncoding = 4; lastKnownFileType = text.plist.xml; path = Info.plist; sourceTree = "<group>"; };
		9D46C0DD1CFE118B001631ED /* libsqlite3.tbd */ = {isa = PBXFileReference; lastKnownFileType = "sourcecode.text-based-dylib-definition"; name = libsqlite3.tbd; path = usr/lib/libsqlite3.tbd; sourceTree = SDKROOT; };
		9D46C0F01CFE25A3001631ED /* iOSExample.app */ = {isa = PBXFileReference; explicitFileType = wrapper.application; includeInIndex = 0; path = iOSExample.app; sourceTree = BUILT_PRODUCTS_DIR; };
		9D46C0F21CFE25A3001631ED /* AppDelegate.swift */ = {isa = PBXFileReference; lastKnownFileType = sourcecode.swift; path = AppDelegate.swift; sourceTree = "<group>"; };
		9D46C0F41CFE25A3001631ED /* ViewController.swift */ = {isa = PBXFileReference; lastKnownFileType = sourcecode.swift; path = ViewController.swift; sourceTree = "<group>"; };
		9D46C0F71CFE25A3001631ED /* Base */ = {isa = PBXFileReference; lastKnownFileType = file.storyboard; name = Base; path = Base.lproj/Main.storyboard; sourceTree = "<group>"; };
		9D46C0F91CFE25A3001631ED /* Assets.xcassets */ = {isa = PBXFileReference; lastKnownFileType = folder.assetcatalog; path = Assets.xcassets; sourceTree = "<group>"; };
		9D46C0FC1CFE25A3001631ED /* Base */ = {isa = PBXFileReference; lastKnownFileType = file.storyboard; name = Base; path = Base.lproj/LaunchScreen.storyboard; sourceTree = "<group>"; };
		9D46C0FE1CFE25A3001631ED /* Info.plist */ = {isa = PBXFileReference; lastKnownFileType = text.plist.xml; path = Info.plist; sourceTree = "<group>"; };
		9D46C1021CFE2615001631ED /* ReelExampleDB.sqlite */ = {isa = PBXFileReference; lastKnownFileType = file; name = ReelExampleDB.sqlite; path = ../ReelExampleDB.sqlite; sourceTree = "<group>"; };
		9D46C1061CFE2A36001631ED /* Reel.swift */ = {isa = PBXFileReference; fileEncoding = 4; lastKnownFileType = sourcecode.swift; path = Reel.swift; sourceTree = "<group>"; };
		9D46C10C1CFE3636001631ED /* Populate */ = {isa = PBXFileReference; explicitFileType = "compiled.mach-o.executable"; includeInIndex = 0; path = Populate; sourceTree = BUILT_PRODUCTS_DIR; };
		9D46C10E1CFE3636001631ED /* main.m */ = {isa = PBXFileReference; lastKnownFileType = sourcecode.c.objc; path = main.m; sourceTree = "<group>"; };
		9D46C1151CFE3F17001631ED /* README.md */ = {isa = PBXFileReference; lastKnownFileType = net.daringfireball.markdown; path = README.md; sourceTree = "<group>"; };
		9D613E2F1CFE5657003C59E8 /* Reels.json */ = {isa = PBXFileReference; fileEncoding = 4; lastKnownFileType = text.json; path = Reels.json; sourceTree = "<group>"; };
		9DD4E8171D023B8600211C80 /* ADV_EXECUTION */ = {isa = PBXFileReference; fileEncoding = 4; lastKnownFileType = text; path = ADV_EXECUTION; sourceTree = "<group>"; };
/* End PBXFileReference section */

/* Begin PBXFrameworksBuildPhase section */
		9D46BFDD1CFDF3DE001631ED /* Frameworks */ = {
			isa = PBXFrameworksBuildPhase;
			buildActionMask = 2147483647;
			files = (
				9D46C0531CFE0593001631ED /* Foundation.framework in Frameworks */,
				9D46C0511CFE057D001631ED /* libsqlite3.tbd in Frameworks */,
			);
			runOnlyForDeploymentPostprocessing = 0;
		};
		9D46BFE81CFDF3DE001631ED /* Frameworks */ = {
			isa = PBXFrameworksBuildPhase;
			buildActionMask = 2147483647;
			files = (
				9D46C0DE1CFE118B001631ED /* libsqlite3.tbd in Frameworks */,
				9D46BFEC1CFDF3DE001631ED /* OSXDataStore.framework in Frameworks */,
			);
			runOnlyForDeploymentPostprocessing = 0;
		};
		9D46BFFC1CFDF705001631ED /* Frameworks */ = {
			isa = PBXFrameworksBuildPhase;
			buildActionMask = 2147483647;
			files = (
				9D46C09D1CFE074C001631ED /* libsqlite3.tbd in Frameworks */,
			);
			runOnlyForDeploymentPostprocessing = 0;
		};
		9D46C0061CFDF705001631ED /* Frameworks */ = {
			isa = PBXFrameworksBuildPhase;
			buildActionMask = 2147483647;
			files = (
				9D46C0DF1CFE1195001631ED /* libsqlite3.tbd in Frameworks */,
				9D46C00A1CFDF705001631ED /* iOSDataStore.framework in Frameworks */,
			);
			runOnlyForDeploymentPostprocessing = 0;
		};
		9D46C0ED1CFE25A3001631ED /* Frameworks */ = {
			isa = PBXFrameworksBuildPhase;
			buildActionMask = 2147483647;
			files = (
			);
			runOnlyForDeploymentPostprocessing = 0;
		};
		9D46C1091CFE3636001631ED /* Frameworks */ = {
			isa = PBXFrameworksBuildPhase;
			buildActionMask = 2147483647;
			files = (
				9D46C1711CFE539B001631ED /* OSXDataStore.framework in Frameworks */,
			);
			runOnlyForDeploymentPostprocessing = 0;
		};
/* End PBXFrameworksBuildPhase section */

/* Begin PBXGroup section */
		9D46BFD31CFDF311001631ED = {
			isa = PBXGroup;
			children = (
				9DD4E8171D023B8600211C80 /* ADV_EXECUTION */,
				9D46C1151CFE3F17001631ED /* README.md */,
				9D46C0AB1CFE0987001631ED /* Source */,
				9D46BFE31CFDF3DE001631ED /* OSX */,
				9D46BFEF1CFDF3DE001631ED /* OSXTests */,
				9D46C0011CFDF705001631ED /* iOS */,
				9D46C00D1CFDF705001631ED /* iOSTests */,
				9D46C0F11CFE25A3001631ED /* iOSExample */,
				9D46C10D1CFE3636001631ED /* Populate */,
				9D46BFE21CFDF3DE001631ED /* Products */,
			);
			sourceTree = "<group>";
		};
		9D46BFE21CFDF3DE001631ED /* Products */ = {
			isa = PBXGroup;
			children = (
				9D46BFE11CFDF3DE001631ED /* OSXDataStore.framework */,
				9D46BFEB1CFDF3DE001631ED /* OSXTests.xctest */,
				9D46C0001CFDF705001631ED /* iOSDataStore.framework */,
				9D46C0091CFDF705001631ED /* iOSTests.xctest */,
				9D46C0F01CFE25A3001631ED /* iOSExample.app */,
				9D46C10C1CFE3636001631ED /* Populate */,
			);
			name = Products;
			sourceTree = "<group>";
		};
		9D46BFE31CFDF3DE001631ED /* OSX */ = {
			isa = PBXGroup;
			children = (
				9D46C0521CFE0593001631ED /* Foundation.framework */,
				9D46BFE41CFDF3DE001631ED /* OSXDataStore.h */,
				9D46BFE61CFDF3DE001631ED /* Info.plist */,
			);
			path = OSX;
			sourceTree = "<group>";
		};
		9D46BFEF1CFDF3DE001631ED /* OSXTests */ = {
			isa = PBXGroup;
			children = (
				9D46C0DD1CFE118B001631ED /* libsqlite3.tbd */,
				9D46BFF01CFDF3DE001631ED /* OSXTests.m */,
				9D46BFF21CFDF3DE001631ED /* Info.plist */,
			);
			path = OSXTests;
			sourceTree = "<group>";
		};
		9D46C0011CFDF705001631ED /* iOS */ = {
			isa = PBXGroup;
			children = (
				9D46C09C1CFE074C001631ED /* libsqlite3.tbd */,
				9D46C0021CFDF705001631ED /* iOSDataStore.h */,
				9D46C0041CFDF705001631ED /* Info.plist */,
			);
			path = iOS;
			sourceTree = "<group>";
		};
		9D46C00D1CFDF705001631ED /* iOSTests */ = {
			isa = PBXGroup;
			children = (
				9D46C00E1CFDF705001631ED /* iOSTests.m */,
				9D46C0101CFDF705001631ED /* Info.plist */,
			);
			path = iOSTests;
			sourceTree = "<group>";
		};
		9D46C0AB1CFE0987001631ED /* Source */ = {
			isa = PBXGroup;
			children = (
				9D613E2F1CFE5657003C59E8 /* Reels.json */,
				9D46BFDA1CFDF390001631ED /* Model.h */,
				9D46BFDB1CFDF390001631ED /* Model.m */,
				9D46C09F1CFE096B001631ED /* DataStoreHelper.h */,
				9D46C0A01CFE096B001631ED /* DataStoreHelper.m */,
				9D46C0A11CFE096B001631ED /* ExtendNSLogFunctionality.h */,
				9D46C0A21CFE096B001631ED /* ExtendNSLogFunctionality.m */,
				9D46C0AC1CFE0AB0001631ED /* fmdb */,
			);
			name = Source;
			sourceTree = "<group>";
		};
		9D46C0AC1CFE0AB0001631ED /* fmdb */ = {
			isa = PBXGroup;
			children = (
				9D46C0AD1CFE0AB0001631ED /* FMDatabase.h */,
				9D46C0AE1CFE0AB0001631ED /* FMDatabase.m */,
				9D46C0AF1CFE0AB0001631ED /* FMDatabaseAdditions.h */,
				9D46C0B01CFE0AB0001631ED /* FMDatabaseAdditions.m */,
				9D46C0B11CFE0AB0001631ED /* FMDatabasePool.h */,
				9D46C0B21CFE0AB0001631ED /* FMDatabasePool.m */,
				9D46C0B31CFE0AB0001631ED /* FMDatabaseQueue.h */,
				9D46C0B41CFE0AB0001631ED /* FMDatabaseQueue.m */,
				9D46C0B51CFE0AB0001631ED /* FMDB.h */,
				9D46C0B61CFE0AB0001631ED /* FMResultSet.h */,
				9D46C0B71CFE0AB0001631ED /* FMResultSet.m */,
				9D46C0B81CFE0AB0001631ED /* Info.plist */,
			);
			path = fmdb;
			sourceTree = "<group>";
		};
		9D46C0F11CFE25A3001631ED /* iOSExample */ = {
			isa = PBXGroup;
			children = (
				9D46C1061CFE2A36001631ED /* Reel.swift */,
				9D46C1021CFE2615001631ED /* ReelExampleDB.sqlite */,
				9D46C0F21CFE25A3001631ED /* AppDelegate.swift */,
				9D46C0F41CFE25A3001631ED /* ViewController.swift */,
				9D46C0F61CFE25A3001631ED /* Main.storyboard */,
				9D46C0F91CFE25A3001631ED /* Assets.xcassets */,
				9D46C0FB1CFE25A3001631ED /* LaunchScreen.storyboard */,
				9D46C0FE1CFE25A3001631ED /* Info.plist */,
			);
			path = iOSExample;
			sourceTree = "<group>";
		};
		9D46C10D1CFE3636001631ED /* Populate */ = {
			isa = PBXGroup;
			children = (
				9D46C10E1CFE3636001631ED /* main.m */,
			);
			path = Populate;
			sourceTree = "<group>";
		};
/* End PBXGroup section */

/* Begin PBXHeadersBuildPhase section */
		9D46BFDE1CFDF3DE001631ED /* Headers */ = {
			isa = PBXHeadersBuildPhase;
			buildActionMask = 2147483647;
			files = (
				9D46C0A71CFE096B001631ED /* ExtendNSLogFunctionality.h in Headers */,
				9D46BFF91CFDF486001631ED /* Model.h in Headers */,
				9D46C0BF1CFE0AB0001631ED /* FMDatabaseAdditions.h in Headers */,
				9D46C0D11CFE0AB0001631ED /* FMDB.h in Headers */,
				9D46C0C51CFE0AB0001631ED /* FMDatabasePool.h in Headers */,
				9D46C0CB1CFE0AB0001631ED /* FMDatabaseQueue.h in Headers */,
				9D46C0A31CFE096B001631ED /* DataStoreHelper.h in Headers */,
				9D46C0B91CFE0AB0001631ED /* FMDatabase.h in Headers */,
				9D46BFE51CFDF3DE001631ED /* OSXDataStore.h in Headers */,
				9D46C0D31CFE0AB0001631ED /* FMResultSet.h in Headers */,
			);
			runOnlyForDeploymentPostprocessing = 0;
		};
		9D46BFFD1CFDF705001631ED /* Headers */ = {
			isa = PBXHeadersBuildPhase;
			buildActionMask = 2147483647;
			files = (
				9D46C0A81CFE096B001631ED /* ExtendNSLogFunctionality.h in Headers */,
				9D46C0171CFDF718001631ED /* Model.h in Headers */,
				9D46C0C01CFE0AB0001631ED /* FMDatabaseAdditions.h in Headers */,
				9D46C0D21CFE0AB0001631ED /* FMDB.h in Headers */,
				9D46C0C61CFE0AB0001631ED /* FMDatabasePool.h in Headers */,
				9D46C0CC1CFE0AB0001631ED /* FMDatabaseQueue.h in Headers */,
				9D46C0A41CFE096B001631ED /* DataStoreHelper.h in Headers */,
				9D46C0BA1CFE0AB0001631ED /* FMDatabase.h in Headers */,
				9D46C0031CFDF705001631ED /* iOSDataStore.h in Headers */,
				9D46C0D41CFE0AB0001631ED /* FMResultSet.h in Headers */,
			);
			runOnlyForDeploymentPostprocessing = 0;
		};
/* End PBXHeadersBuildPhase section */

/* Begin PBXNativeTarget section */
		9D46BFE01CFDF3DE001631ED /* OSXDataStore */ = {
			isa = PBXNativeTarget;
			buildConfigurationList = 9D46BFF31CFDF3DE001631ED /* Build configuration list for PBXNativeTarget "OSXDataStore" */;
			buildPhases = (
				9D46BFDC1CFDF3DE001631ED /* Sources */,
				9D46BFDD1CFDF3DE001631ED /* Frameworks */,
				9D46BFDE1CFDF3DE001631ED /* Headers */,
				9D46BFDF1CFDF3DE001631ED /* Resources */,
			);
			buildRules = (
			);
			dependencies = (
			);
			name = OSXDataStore;
			productName = OSX;
			productReference = 9D46BFE11CFDF3DE001631ED /* OSXDataStore.framework */;
			productType = "com.apple.product-type.framework";
		};
		9D46BFEA1CFDF3DE001631ED /* OSXTests */ = {
			isa = PBXNativeTarget;
			buildConfigurationList = 9D46BFF61CFDF3DE001631ED /* Build configuration list for PBXNativeTarget "OSXTests" */;
			buildPhases = (
				9D46BFE71CFDF3DE001631ED /* Sources */,
				9D46BFE81CFDF3DE001631ED /* Frameworks */,
				9D46BFE91CFDF3DE001631ED /* Resources */,
				9D613E341CFE5C4E003C59E8 /* CopyFiles */,
			);
			buildRules = (
			);
			dependencies = (
				9D46BFEE1CFDF3DE001631ED /* PBXTargetDependency */,
			);
			name = OSXTests;
			productName = OSXTests;
			productReference = 9D46BFEB1CFDF3DE001631ED /* OSXTests.xctest */;
			productType = "com.apple.product-type.bundle.unit-test";
		};
		9D46BFFF1CFDF705001631ED /* iOSDataStore */ = {
			isa = PBXNativeTarget;
			buildConfigurationList = 9D46C0111CFDF705001631ED /* Build configuration list for PBXNativeTarget "iOSDataStore" */;
			buildPhases = (
				9D46BFFB1CFDF705001631ED /* Sources */,
				9D46BFFC1CFDF705001631ED /* Frameworks */,
				9D46BFFD1CFDF705001631ED /* Headers */,
				9D46BFFE1CFDF705001631ED /* Resources */,
			);
			buildRules = (
			);
			dependencies = (
			);
			name = iOSDataStore;
			productName = iOS;
			productReference = 9D46C0001CFDF705001631ED /* iOSDataStore.framework */;
			productType = "com.apple.product-type.framework";
		};
		9D46C0081CFDF705001631ED /* iOSTests */ = {
			isa = PBXNativeTarget;
			buildConfigurationList = 9D46C0141CFDF705001631ED /* Build configuration list for PBXNativeTarget "iOSTests" */;
			buildPhases = (
				9D46C0051CFDF705001631ED /* Sources */,
				9D46C0061CFDF705001631ED /* Frameworks */,
				9D46C0071CFDF705001631ED /* Resources */,
			);
			buildRules = (
			);
			dependencies = (
				9D46C00C1CFDF705001631ED /* PBXTargetDependency */,
			);
			name = iOSTests;
			productName = iOSTests;
			productReference = 9D46C0091CFDF705001631ED /* iOSTests.xctest */;
			productType = "com.apple.product-type.bundle.unit-test";
		};
		9D46C0EF1CFE25A3001631ED /* iOSExample */ = {
			isa = PBXNativeTarget;
			buildConfigurationList = 9D46C0FF1CFE25A3001631ED /* Build configuration list for PBXNativeTarget "iOSExample" */;
			buildPhases = (
				9D46C0EC1CFE25A3001631ED /* Sources */,
				9D46C0ED1CFE25A3001631ED /* Frameworks */,
				9D46C0EE1CFE25A3001631ED /* Resources */,
			);
			buildRules = (
			);
			dependencies = (
			);
			name = iOSExample;
			productName = iOSExample;
			productReference = 9D46C0F01CFE25A3001631ED /* iOSExample.app */;
			productType = "com.apple.product-type.application";
		};
		9D46C10B1CFE3636001631ED /* Populate */ = {
			isa = PBXNativeTarget;
			buildConfigurationList = 9D46C1101CFE3636001631ED /* Build configuration list for PBXNativeTarget "Populate" */;
			buildPhases = (
				9D46C1081CFE3636001631ED /* Sources */,
				9D46C1091CFE3636001631ED /* Frameworks */,
				9D613E321CFE5674003C59E8 /* CopyFiles */,
			);
			buildRules = (
			);
			dependencies = (
			);
			name = Populate;
			productName = Populate;
			productReference = 9D46C10C1CFE3636001631ED /* Populate */;
			productType = "com.apple.product-type.tool";
		};
/* End PBXNativeTarget section */

/* Begin PBXProject section */
		9D46BFD41CFDF311001631ED /* Project object */ = {
			isa = PBXProject;
			attributes = {
				LastUpgradeCheck = 0700;
				TargetAttributes = {
					9D46BFE01CFDF3DE001631ED = {
						CreatedOnToolsVersion = 7.0.1;
					};
					9D46BFEA1CFDF3DE001631ED = {
						CreatedOnToolsVersion = 7.0.1;
					};
					9D46BFFF1CFDF705001631ED = {
						CreatedOnToolsVersion = 7.0.1;
					};
					9D46C0081CFDF705001631ED = {
						CreatedOnToolsVersion = 7.0.1;
					};
					9D46C0EF1CFE25A3001631ED = {
						CreatedOnToolsVersion = 7.0.1;
					};
					9D46C10B1CFE3636001631ED = {
						CreatedOnToolsVersion = 7.0.1;
					};
				};
			};
			buildConfigurationList = 9D46BFD71CFDF311001631ED /* Build configuration list for PBXProject "DataStoreAdvanced" */;
			compatibilityVersion = "Xcode 3.2";
			developmentRegion = English;
			hasScannedForEncodings = 0;
			knownRegions = (
				en,
				Base,
			);
			mainGroup = 9D46BFD31CFDF311001631ED;
			productRefGroup = 9D46BFE21CFDF3DE001631ED /* Products */;
			projectDirPath = "";
			projectRoot = "";
			targets = (
				9D46BFE01CFDF3DE001631ED /* OSXDataStore */,
				9D46BFEA1CFDF3DE001631ED /* OSXTests */,
				9D46BFFF1CFDF705001631ED /* iOSDataStore */,
				9D46C0081CFDF705001631ED /* iOSTests */,
				9D46C0EF1CFE25A3001631ED /* iOSExample */,
				9D46C10B1CFE3636001631ED /* Populate */,
			);
		};
/* End PBXProject section */

/* Begin PBXResourcesBuildPhase section */
		9D46BFDF1CFDF3DE001631ED /* Resources */ = {
			isa = PBXResourcesBuildPhase;
			buildActionMask = 2147483647;
			files = (
				9D46C0D91CFE0AB0001631ED /* Info.plist in Resources */,
				9DD4E8181D023B8600211C80 /* ADV_EXECUTION in Resources */,
				9D613E301CFE5657003C59E8 /* Reels.json in Resources */,
			);
			runOnlyForDeploymentPostprocessing = 0;
		};
		9D46BFE91CFDF3DE001631ED /* Resources */ = {
			isa = PBXResourcesBuildPhase;
			buildActionMask = 2147483647;
			files = (
				9D613E361CFE5CB4003C59E8 /* Reels.json in Resources */,
				9D46C0DA1CFE0AB0001631ED /* Info.plist in Resources */,
			);
			runOnlyForDeploymentPostprocessing = 0;
		};
		9D46BFFE1CFDF705001631ED /* Resources */ = {
			isa = PBXResourcesBuildPhase;
			buildActionMask = 2147483647;
			files = (
				9D46C0DB1CFE0AB0001631ED /* Info.plist in Resources */,
			);
			runOnlyForDeploymentPostprocessing = 0;
		};
		9D46C0071CFDF705001631ED /* Resources */ = {
			isa = PBXResourcesBuildPhase;
			buildActionMask = 2147483647;
			files = (
				9D46C0DC1CFE0AB0001631ED /* Info.plist in Resources */,
			);
			runOnlyForDeploymentPostprocessing = 0;
		};
		9D46C0EE1CFE25A3001631ED /* Resources */ = {
			isa = PBXResourcesBuildPhase;
			buildActionMask = 2147483647;
			files = (
				9D46C1031CFE2615001631ED /* ReelExampleDB.sqlite in Resources */,
				9D46C0FD1CFE25A3001631ED /* LaunchScreen.storyboard in Resources */,
				9D46C0FA1CFE25A3001631ED /* Assets.xcassets in Resources */,
				9D46C0F81CFE25A3001631ED /* Main.storyboard in Resources */,
			);
			runOnlyForDeploymentPostprocessing = 0;
		};
/* End PBXResourcesBuildPhase section */

/* Begin PBXSourcesBuildPhase section */
		9D46BFDC1CFDF3DE001631ED /* Sources */ = {
			isa = PBXSourcesBuildPhase;
			buildActionMask = 2147483647;
			files = (
				9D46BFFA1CFDF497001631ED /* Model.m in Sources */,
				9D46C0C71CFE0AB0001631ED /* FMDatabasePool.m in Sources */,
				9D46C0A91CFE096B001631ED /* ExtendNSLogFunctionality.m in Sources */,
				9D46C0CD1CFE0AB0001631ED /* FMDatabaseQueue.m in Sources */,
				9D46C0A51CFE096B001631ED /* DataStoreHelper.m in Sources */,
				9D46C0BB1CFE0AB0001631ED /* FMDatabase.m in Sources */,
				9D46C0D51CFE0AB0001631ED /* FMResultSet.m in Sources */,
				9D46C0C11CFE0AB0001631ED /* FMDatabaseAdditions.m in Sources */,
			);
			runOnlyForDeploymentPostprocessing = 0;
		};
		9D46BFE71CFDF3DE001631ED /* Sources */ = {
			isa = PBXSourcesBuildPhase;
			buildActionMask = 2147483647;
			files = (
				9D46C0D61CFE0AB0001631ED /* FMResultSet.m in Sources */,
				9D46C0CE1CFE0AB0001631ED /* FMDatabaseQueue.m in Sources */,
				9D46BFF11CFDF3DE001631ED /* OSXTests.m in Sources */,
				9D46C0C81CFE0AB0001631ED /* FMDatabasePool.m in Sources */,
				9D46C0BC1CFE0AB0001631ED /* FMDatabase.m in Sources */,
				9D46C0C21CFE0AB0001631ED /* FMDatabaseAdditions.m in Sources */,
			);
			runOnlyForDeploymentPostprocessing = 0;
		};
		9D46BFFB1CFDF705001631ED /* Sources */ = {
			isa = PBXSourcesBuildPhase;
			buildActionMask = 2147483647;
			files = (
				9D46C0181CFDF71F001631ED /* Model.m in Sources */,
				9D46C0C91CFE0AB0001631ED /* FMDatabasePool.m in Sources */,
				9D46C0AA1CFE096B001631ED /* ExtendNSLogFunctionality.m in Sources */,
				9D46C0CF1CFE0AB0001631ED /* FMDatabaseQueue.m in Sources */,
				9D46C0A61CFE096B001631ED /* DataStoreHelper.m in Sources */,
				9D46C0BD1CFE0AB0001631ED /* FMDatabase.m in Sources */,
				9D46C0D71CFE0AB0001631ED /* FMResultSet.m in Sources */,
				9D46C0C31CFE0AB0001631ED /* FMDatabaseAdditions.m in Sources */,
			);
			runOnlyForDeploymentPostprocessing = 0;
		};
		9D46C0051CFDF705001631ED /* Sources */ = {
			isa = PBXSourcesBuildPhase;
			buildActionMask = 2147483647;
			files = (
				9D46C0D81CFE0AB0001631ED /* FMResultSet.m in Sources */,
				9D46C0D01CFE0AB0001631ED /* FMDatabaseQueue.m in Sources */,
				9D46C00F1CFDF705001631ED /* iOSTests.m in Sources */,
				9D46C0CA1CFE0AB0001631ED /* FMDatabasePool.m in Sources */,
				9D46C0BE1CFE0AB0001631ED /* FMDatabase.m in Sources */,
				9D46C0C41CFE0AB0001631ED /* FMDatabaseAdditions.m in Sources */,
			);
			runOnlyForDeploymentPostprocessing = 0;
		};
		9D46C0EC1CFE25A3001631ED /* Sources */ = {
			isa = PBXSourcesBuildPhase;
			buildActionMask = 2147483647;
			files = (
				9D46C1071CFE2A36001631ED /* Reel.swift in Sources */,
				9D46C0F51CFE25A3001631ED /* ViewController.swift in Sources */,
				9D46C0F31CFE25A3001631ED /* AppDelegate.swift in Sources */,
			);
			runOnlyForDeploymentPostprocessing = 0;
		};
		9D46C1081CFE3636001631ED /* Sources */ = {
			isa = PBXSourcesBuildPhase;
			buildActionMask = 2147483647;
			files = (
				9D46C10F1CFE3636001631ED /* main.m in Sources */,
			);
			runOnlyForDeploymentPostprocessing = 0;
		};
/* End PBXSourcesBuildPhase section */

/* Begin PBXTargetDependency section */
		9D46BFEE1CFDF3DE001631ED /* PBXTargetDependency */ = {
			isa = PBXTargetDependency;
			target = 9D46BFE01CFDF3DE001631ED /* OSXDataStore */;
			targetProxy = 9D46BFED1CFDF3DE001631ED /* PBXContainerItemProxy */;
		};
		9D46C00C1CFDF705001631ED /* PBXTargetDependency */ = {
			isa = PBXTargetDependency;
			target = 9D46BFFF1CFDF705001631ED /* iOSDataStore */;
			targetProxy = 9D46C00B1CFDF705001631ED /* PBXContainerItemProxy */;
		};
/* End PBXTargetDependency section */

/* Begin PBXVariantGroup section */
		9D46C0F61CFE25A3001631ED /* Main.storyboard */ = {
			isa = PBXVariantGroup;
			children = (
				9D46C0F71CFE25A3001631ED /* Base */,
			);
			name = Main.storyboard;
			sourceTree = "<group>";
		};
		9D46C0FB1CFE25A3001631ED /* LaunchScreen.storyboard */ = {
			isa = PBXVariantGroup;
			children = (
				9D46C0FC1CFE25A3001631ED /* Base */,
			);
			name = LaunchScreen.storyboard;
			sourceTree = "<group>";
		};
/* End PBXVariantGroup section */

/* Begin XCBuildConfiguration section */
		9D46BFD81CFDF311001631ED /* Debug */ = {
			isa = XCBuildConfiguration;
			buildSettings = {
			};
			name = Debug;
		};
		9D46BFD91CFDF311001631ED /* Release */ = {
			isa = XCBuildConfiguration;
			buildSettings = {
			};
			name = Release;
		};
		9D46BFF41CFDF3DE001631ED /* Debug */ = {
			isa = XCBuildConfiguration;
			buildSettings = {
				ALWAYS_SEARCH_USER_PATHS = NO;
				CLANG_CXX_LANGUAGE_STANDARD = "gnu++0x";
				CLANG_CXX_LIBRARY = "libc++";
				CLANG_ENABLE_MODULES = YES;
				CLANG_ENABLE_OBJC_ARC = YES;
				CLANG_WARN_BOOL_CONVERSION = YES;
				CLANG_WARN_CONSTANT_CONVERSION = YES;
				CLANG_WARN_DIRECT_OBJC_ISA_USAGE = YES_ERROR;
				CLANG_WARN_EMPTY_BODY = YES;
				CLANG_WARN_ENUM_CONVERSION = YES;
				CLANG_WARN_INT_CONVERSION = YES;
				CLANG_WARN_OBJC_ROOT_CLASS = YES_ERROR;
				CLANG_WARN_UNREACHABLE_CODE = YES;
				CLANG_WARN__DUPLICATE_METHOD_MATCH = YES;
				COMBINE_HIDPI_IMAGES = YES;
				COPY_PHASE_STRIP = NO;
				CURRENT_PROJECT_VERSION = 1;
				DEBUG_INFORMATION_FORMAT = dwarf;
				DEFINES_MODULE = YES;
				DYLIB_COMPATIBILITY_VERSION = 1;
				DYLIB_CURRENT_VERSION = 1;
				DYLIB_INSTALL_NAME_BASE = "@rpath";
				ENABLE_STRICT_OBJC_MSGSEND = YES;
				ENABLE_TESTABILITY = YES;
				FRAMEWORK_VERSION = A;
				GCC_C_LANGUAGE_STANDARD = gnu99;
				GCC_DYNAMIC_NO_PIC = NO;
				GCC_NO_COMMON_BLOCKS = YES;
				GCC_OPTIMIZATION_LEVEL = 0;
				GCC_PREPROCESSOR_DEFINITIONS = (
					"DEBUG=1",
					"$(inherited)",
				);
				GCC_WARN_64_TO_32_BIT_CONVERSION = YES;
				GCC_WARN_ABOUT_RETURN_TYPE = YES_ERROR;
				GCC_WARN_UNDECLARED_SELECTOR = YES;
				GCC_WARN_UNINITIALIZED_AUTOS = YES_AGGRESSIVE;
				GCC_WARN_UNUSED_FUNCTION = YES;
				GCC_WARN_UNUSED_VARIABLE = YES;
				INFOPLIST_FILE = OSX/Info.plist;
				INSTALL_PATH = "$(LOCAL_LIBRARY_DIR)/Frameworks";
				LD_RUNPATH_SEARCH_PATHS = "$(inherited) @executable_path/../Frameworks @loader_path/Frameworks";
				MACOSX_DEPLOYMENT_TARGET = 10.10;
				MTL_ENABLE_DEBUG_INFO = YES;
				ONLY_ACTIVE_ARCH = YES;
				PRODUCT_BUNDLE_IDENTIFIER = us.the.mac.data.store.OSX;
				PRODUCT_NAME = "$(TARGET_NAME)";
				SDKROOT = macosx;
				SKIP_INSTALL = YES;
				VERSIONING_SYSTEM = "apple-generic";
				VERSION_INFO_PREFIX = "";
			};
			name = Debug;
		};
		9D46BFF51CFDF3DE001631ED /* Release */ = {
			isa = XCBuildConfiguration;
			buildSettings = {
				ALWAYS_SEARCH_USER_PATHS = NO;
				CLANG_CXX_LANGUAGE_STANDARD = "gnu++0x";
				CLANG_CXX_LIBRARY = "libc++";
				CLANG_ENABLE_MODULES = YES;
				CLANG_ENABLE_OBJC_ARC = YES;
				CLANG_WARN_BOOL_CONVERSION = YES;
				CLANG_WARN_CONSTANT_CONVERSION = YES;
				CLANG_WARN_DIRECT_OBJC_ISA_USAGE = YES_ERROR;
				CLANG_WARN_EMPTY_BODY = YES;
				CLANG_WARN_ENUM_CONVERSION = YES;
				CLANG_WARN_INT_CONVERSION = YES;
				CLANG_WARN_OBJC_ROOT_CLASS = YES_ERROR;
				CLANG_WARN_UNREACHABLE_CODE = YES;
				CLANG_WARN__DUPLICATE_METHOD_MATCH = YES;
				COMBINE_HIDPI_IMAGES = YES;
				COPY_PHASE_STRIP = NO;
				CURRENT_PROJECT_VERSION = 1;
				DEBUG_INFORMATION_FORMAT = "dwarf-with-dsym";
				DEFINES_MODULE = YES;
				DYLIB_COMPATIBILITY_VERSION = 1;
				DYLIB_CURRENT_VERSION = 1;
				DYLIB_INSTALL_NAME_BASE = "@rpath";
				ENABLE_NS_ASSERTIONS = NO;
				ENABLE_STRICT_OBJC_MSGSEND = YES;
				FRAMEWORK_VERSION = A;
				GCC_C_LANGUAGE_STANDARD = gnu99;
				GCC_NO_COMMON_BLOCKS = YES;
				GCC_PREPROCESSOR_DEFINITIONS = "DEBUG=0";
				GCC_WARN_64_TO_32_BIT_CONVERSION = YES;
				GCC_WARN_ABOUT_RETURN_TYPE = YES_ERROR;
				GCC_WARN_UNDECLARED_SELECTOR = YES;
				GCC_WARN_UNINITIALIZED_AUTOS = YES_AGGRESSIVE;
				GCC_WARN_UNUSED_FUNCTION = YES;
				GCC_WARN_UNUSED_VARIABLE = YES;
				INFOPLIST_FILE = OSX/Info.plist;
				INSTALL_PATH = "$(LOCAL_LIBRARY_DIR)/Frameworks";
				LD_RUNPATH_SEARCH_PATHS = "$(inherited) @executable_path/../Frameworks @loader_path/Frameworks";
				MACOSX_DEPLOYMENT_TARGET = 10.10;
				MTL_ENABLE_DEBUG_INFO = NO;
				PRODUCT_BUNDLE_IDENTIFIER = us.the.mac.data.store.OSX;
				PRODUCT_NAME = "$(TARGET_NAME)";
				SDKROOT = macosx;
				SKIP_INSTALL = YES;
				VERSIONING_SYSTEM = "apple-generic";
				VERSION_INFO_PREFIX = "";
			};
			name = Release;
		};
		9D46BFF71CFDF3DE001631ED /* Debug */ = {
			isa = XCBuildConfiguration;
			buildSettings = {
				ALWAYS_SEARCH_USER_PATHS = NO;
				CLANG_CXX_LANGUAGE_STANDARD = "gnu++0x";
				CLANG_CXX_LIBRARY = "libc++";
				CLANG_ENABLE_MODULES = YES;
				CLANG_ENABLE_OBJC_ARC = YES;
				CLANG_WARN_BOOL_CONVERSION = YES;
				CLANG_WARN_CONSTANT_CONVERSION = YES;
				CLANG_WARN_DIRECT_OBJC_ISA_USAGE = YES_ERROR;
				CLANG_WARN_EMPTY_BODY = YES;
				CLANG_WARN_ENUM_CONVERSION = YES;
				CLANG_WARN_INT_CONVERSION = YES;
				CLANG_WARN_OBJC_ROOT_CLASS = YES_ERROR;
				CLANG_WARN_UNREACHABLE_CODE = YES;
				CLANG_WARN__DUPLICATE_METHOD_MATCH = YES;
				COMBINE_HIDPI_IMAGES = YES;
				COPY_PHASE_STRIP = NO;
				DEBUG_INFORMATION_FORMAT = dwarf;
				ENABLE_STRICT_OBJC_MSGSEND = YES;
				ENABLE_TESTABILITY = YES;
				GCC_C_LANGUAGE_STANDARD = gnu99;
				GCC_DYNAMIC_NO_PIC = NO;
				GCC_NO_COMMON_BLOCKS = YES;
				GCC_OPTIMIZATION_LEVEL = 0;
				GCC_PREPROCESSOR_DEFINITIONS = (
					"DEBUG=1",
					"$(inherited)",
				);
				GCC_WARN_64_TO_32_BIT_CONVERSION = YES;
				GCC_WARN_ABOUT_RETURN_TYPE = YES_ERROR;
				GCC_WARN_UNDECLARED_SELECTOR = YES;
				GCC_WARN_UNINITIALIZED_AUTOS = YES_AGGRESSIVE;
				GCC_WARN_UNUSED_FUNCTION = YES;
				GCC_WARN_UNUSED_VARIABLE = YES;
				INFOPLIST_FILE = OSXTests/Info.plist;
				LD_RUNPATH_SEARCH_PATHS = "$(inherited) @executable_path/../Frameworks @loader_path/../Frameworks";
				MACOSX_DEPLOYMENT_TARGET = 10.10;
				MTL_ENABLE_DEBUG_INFO = YES;
				ONLY_ACTIVE_ARCH = YES;
				PRODUCT_BUNDLE_IDENTIFIER = us.the.mac.data.store.OSXTests;
				PRODUCT_NAME = "$(TARGET_NAME)";
				SDKROOT = macosx;
			};
			name = Debug;
		};
		9D46BFF81CFDF3DE001631ED /* Release */ = {
			isa = XCBuildConfiguration;
			buildSettings = {
				ALWAYS_SEARCH_USER_PATHS = NO;
				CLANG_CXX_LANGUAGE_STANDARD = "gnu++0x";
				CLANG_CXX_LIBRARY = "libc++";
				CLANG_ENABLE_MODULES = YES;
				CLANG_ENABLE_OBJC_ARC = YES;
				CLANG_WARN_BOOL_CONVERSION = YES;
				CLANG_WARN_CONSTANT_CONVERSION = YES;
				CLANG_WARN_DIRECT_OBJC_ISA_USAGE = YES_ERROR;
				CLANG_WARN_EMPTY_BODY = YES;
				CLANG_WARN_ENUM_CONVERSION = YES;
				CLANG_WARN_INT_CONVERSION = YES;
				CLANG_WARN_OBJC_ROOT_CLASS = YES_ERROR;
				CLANG_WARN_UNREACHABLE_CODE = YES;
				CLANG_WARN__DUPLICATE_METHOD_MATCH = YES;
				COMBINE_HIDPI_IMAGES = YES;
				COPY_PHASE_STRIP = NO;
				DEBUG_INFORMATION_FORMAT = "dwarf-with-dsym";
				ENABLE_NS_ASSERTIONS = NO;
				ENABLE_STRICT_OBJC_MSGSEND = YES;
				GCC_C_LANGUAGE_STANDARD = gnu99;
				GCC_NO_COMMON_BLOCKS = YES;
				GCC_WARN_64_TO_32_BIT_CONVERSION = YES;
				GCC_WARN_ABOUT_RETURN_TYPE = YES_ERROR;
				GCC_WARN_UNDECLARED_SELECTOR = YES;
				GCC_WARN_UNINITIALIZED_AUTOS = YES_AGGRESSIVE;
				GCC_WARN_UNUSED_FUNCTION = YES;
				GCC_WARN_UNUSED_VARIABLE = YES;
				INFOPLIST_FILE = OSXTests/Info.plist;
				LD_RUNPATH_SEARCH_PATHS = "$(inherited) @executable_path/../Frameworks @loader_path/../Frameworks";
				MACOSX_DEPLOYMENT_TARGET = 10.10;
				MTL_ENABLE_DEBUG_INFO = NO;
				PRODUCT_BUNDLE_IDENTIFIER = us.the.mac.data.store.OSXTests;
				PRODUCT_NAME = "$(TARGET_NAME)";
				SDKROOT = macosx;
			};
			name = Release;
		};
		9D46C0121CFDF705001631ED /* Debug */ = {
			isa = XCBuildConfiguration;
			buildSettings = {
				ALWAYS_SEARCH_USER_PATHS = NO;
				CLANG_CXX_LANGUAGE_STANDARD = "gnu++0x";
				CLANG_CXX_LIBRARY = "libc++";
				CLANG_ENABLE_MODULES = YES;
				CLANG_ENABLE_OBJC_ARC = YES;
				CLANG_WARN_BOOL_CONVERSION = YES;
				CLANG_WARN_CONSTANT_CONVERSION = YES;
				CLANG_WARN_DIRECT_OBJC_ISA_USAGE = YES_ERROR;
				CLANG_WARN_EMPTY_BODY = YES;
				CLANG_WARN_ENUM_CONVERSION = YES;
				CLANG_WARN_INT_CONVERSION = YES;
				CLANG_WARN_OBJC_ROOT_CLASS = YES_ERROR;
				CLANG_WARN_UNREACHABLE_CODE = YES;
				CLANG_WARN__DUPLICATE_METHOD_MATCH = YES;
				"CODE_SIGN_IDENTITY[sdk=iphoneos*]" = "iPhone Developer";
				COPY_PHASE_STRIP = NO;
				CURRENT_PROJECT_VERSION = 1;
				DEBUG_INFORMATION_FORMAT = dwarf;
				DEFINES_MODULE = YES;
				DYLIB_COMPATIBILITY_VERSION = 1;
				DYLIB_CURRENT_VERSION = 1;
				DYLIB_INSTALL_NAME_BASE = "@rpath";
				ENABLE_STRICT_OBJC_MSGSEND = YES;
				ENABLE_TESTABILITY = YES;
				GCC_C_LANGUAGE_STANDARD = gnu99;
				GCC_DYNAMIC_NO_PIC = NO;
				GCC_NO_COMMON_BLOCKS = YES;
				GCC_OPTIMIZATION_LEVEL = 0;
				GCC_PREPROCESSOR_DEFINITIONS = (
					"DEBUG=1",
					"$(inherited)",
				);
				GCC_WARN_64_TO_32_BIT_CONVERSION = YES;
				GCC_WARN_ABOUT_RETURN_TYPE = YES_ERROR;
				GCC_WARN_UNDECLARED_SELECTOR = YES;
				GCC_WARN_UNINITIALIZED_AUTOS = YES_AGGRESSIVE;
				GCC_WARN_UNUSED_FUNCTION = YES;
				GCC_WARN_UNUSED_VARIABLE = YES;
				INFOPLIST_FILE = iOS/Info.plist;
				INSTALL_PATH = "$(LOCAL_LIBRARY_DIR)/Frameworks";
				IPHONEOS_DEPLOYMENT_TARGET = 9.0;
				LD_RUNPATH_SEARCH_PATHS = "$(inherited) @executable_path/Frameworks @loader_path/Frameworks";
				MTL_ENABLE_DEBUG_INFO = YES;
				ONLY_ACTIVE_ARCH = YES;
				PRODUCT_BUNDLE_IDENTIFIER = us.the.mac.data.store.iOSDataStore;
				PRODUCT_NAME = "$(TARGET_NAME)";
				SDKROOT = iphoneos;
				SKIP_INSTALL = YES;
				TARGETED_DEVICE_FAMILY = "1,2";
				VERSIONING_SYSTEM = "apple-generic";
				VERSION_INFO_PREFIX = "";
			};
			name = Debug;
		};
		9D46C0131CFDF705001631ED /* Release */ = {
			isa = XCBuildConfiguration;
			buildSettings = {
				ALWAYS_SEARCH_USER_PATHS = NO;
				CLANG_CXX_LANGUAGE_STANDARD = "gnu++0x";
				CLANG_CXX_LIBRARY = "libc++";
				CLANG_ENABLE_MODULES = YES;
				CLANG_ENABLE_OBJC_ARC = YES;
				CLANG_WARN_BOOL_CONVERSION = YES;
				CLANG_WARN_CONSTANT_CONVERSION = YES;
				CLANG_WARN_DIRECT_OBJC_ISA_USAGE = YES_ERROR;
				CLANG_WARN_EMPTY_BODY = YES;
				CLANG_WARN_ENUM_CONVERSION = YES;
				CLANG_WARN_INT_CONVERSION = YES;
				CLANG_WARN_OBJC_ROOT_CLASS = YES_ERROR;
				CLANG_WARN_UNREACHABLE_CODE = YES;
				CLANG_WARN__DUPLICATE_METHOD_MATCH = YES;
				"CODE_SIGN_IDENTITY[sdk=iphoneos*]" = "iPhone Developer";
				COPY_PHASE_STRIP = NO;
				CURRENT_PROJECT_VERSION = 1;
				DEBUG_INFORMATION_FORMAT = "dwarf-with-dsym";
				DEFINES_MODULE = YES;
				DYLIB_COMPATIBILITY_VERSION = 1;
				DYLIB_CURRENT_VERSION = 1;
				DYLIB_INSTALL_NAME_BASE = "@rpath";
				ENABLE_NS_ASSERTIONS = NO;
				ENABLE_STRICT_OBJC_MSGSEND = YES;
				GCC_C_LANGUAGE_STANDARD = gnu99;
				GCC_NO_COMMON_BLOCKS = YES;
				GCC_PREPROCESSOR_DEFINITIONS = "DEBUG=0";
				GCC_WARN_64_TO_32_BIT_CONVERSION = YES;
				GCC_WARN_ABOUT_RETURN_TYPE = YES_ERROR;
				GCC_WARN_UNDECLARED_SELECTOR = YES;
				GCC_WARN_UNINITIALIZED_AUTOS = YES_AGGRESSIVE;
				GCC_WARN_UNUSED_FUNCTION = YES;
				GCC_WARN_UNUSED_VARIABLE = YES;
				INFOPLIST_FILE = iOS/Info.plist;
				INSTALL_PATH = "$(LOCAL_LIBRARY_DIR)/Frameworks";
				IPHONEOS_DEPLOYMENT_TARGET = 9.0;
				LD_RUNPATH_SEARCH_PATHS = "$(inherited) @executable_path/Frameworks @loader_path/Frameworks";
				MTL_ENABLE_DEBUG_INFO = NO;
				PRODUCT_BUNDLE_IDENTIFIER = us.the.mac.data.store.iOSDataStore;
				PRODUCT_NAME = "$(TARGET_NAME)";
				SDKROOT = iphoneos;
				SKIP_INSTALL = YES;
				TARGETED_DEVICE_FAMILY = "1,2";
				VALIDATE_PRODUCT = YES;
				VERSIONING_SYSTEM = "apple-generic";
				VERSION_INFO_PREFIX = "";
			};
			name = Release;
		};
		9D46C0151CFDF705001631ED /* Debug */ = {
			isa = XCBuildConfiguration;
			buildSettings = {
				ALWAYS_SEARCH_USER_PATHS = NO;
				CLANG_CXX_LANGUAGE_STANDARD = "gnu++0x";
				CLANG_CXX_LIBRARY = "libc++";
				CLANG_ENABLE_MODULES = YES;
				CLANG_ENABLE_OBJC_ARC = YES;
				CLANG_WARN_BOOL_CONVERSION = YES;
				CLANG_WARN_CONSTANT_CONVERSION = YES;
				CLANG_WARN_DIRECT_OBJC_ISA_USAGE = YES_ERROR;
				CLANG_WARN_EMPTY_BODY = YES;
				CLANG_WARN_ENUM_CONVERSION = YES;
				CLANG_WARN_INT_CONVERSION = YES;
				CLANG_WARN_OBJC_ROOT_CLASS = YES_ERROR;
				CLANG_WARN_UNREACHABLE_CODE = YES;
				CLANG_WARN__DUPLICATE_METHOD_MATCH = YES;
				"CODE_SIGN_IDENTITY[sdk=iphoneos*]" = "iPhone Developer";
				COPY_PHASE_STRIP = NO;
				DEBUG_INFORMATION_FORMAT = dwarf;
				ENABLE_STRICT_OBJC_MSGSEND = YES;
				ENABLE_TESTABILITY = YES;
				GCC_C_LANGUAGE_STANDARD = gnu99;
				GCC_DYNAMIC_NO_PIC = NO;
				GCC_NO_COMMON_BLOCKS = YES;
				GCC_OPTIMIZATION_LEVEL = 0;
				GCC_PREPROCESSOR_DEFINITIONS = (
					"DEBUG=1",
					"$(inherited)",
				);
				GCC_WARN_64_TO_32_BIT_CONVERSION = YES;
				GCC_WARN_ABOUT_RETURN_TYPE = YES_ERROR;
				GCC_WARN_UNDECLARED_SELECTOR = YES;
				GCC_WARN_UNINITIALIZED_AUTOS = YES_AGGRESSIVE;
				GCC_WARN_UNUSED_FUNCTION = YES;
				GCC_WARN_UNUSED_VARIABLE = YES;
				INFOPLIST_FILE = iOSTests/Info.plist;
				IPHONEOS_DEPLOYMENT_TARGET = 9.0;
				LD_RUNPATH_SEARCH_PATHS = "$(inherited) @executable_path/Frameworks @loader_path/Frameworks";
				MTL_ENABLE_DEBUG_INFO = YES;
				ONLY_ACTIVE_ARCH = YES;
				PRODUCT_BUNDLE_IDENTIFIER = us.the.mac.data.store.iOSTests;
				PRODUCT_NAME = "$(TARGET_NAME)";
				SDKROOT = iphoneos;
			};
			name = Debug;
		};
		9D46C0161CFDF705001631ED /* Release */ = {
			isa = XCBuildConfiguration;
			buildSettings = {
				ALWAYS_SEARCH_USER_PATHS = NO;
				CLANG_CXX_LANGUAGE_STANDARD = "gnu++0x";
				CLANG_CXX_LIBRARY = "libc++";
				CLANG_ENABLE_MODULES = YES;
				CLANG_ENABLE_OBJC_ARC = YES;
				CLANG_WARN_BOOL_CONVERSION = YES;
				CLANG_WARN_CONSTANT_CONVERSION = YES;
				CLANG_WARN_DIRECT_OBJC_ISA_USAGE = YES_ERROR;
				CLANG_WARN_EMPTY_BODY = YES;
				CLANG_WARN_ENUM_CONVERSION = YES;
				CLANG_WARN_INT_CONVERSION = YES;
				CLANG_WARN_OBJC_ROOT_CLASS = YES_ERROR;
				CLANG_WARN_UNREACHABLE_CODE = YES;
				CLANG_WARN__DUPLICATE_METHOD_MATCH = YES;
				"CODE_SIGN_IDENTITY[sdk=iphoneos*]" = "iPhone Developer";
				COPY_PHASE_STRIP = NO;
				DEBUG_INFORMATION_FORMAT = "dwarf-with-dsym";
				ENABLE_NS_ASSERTIONS = NO;
				ENABLE_STRICT_OBJC_MSGSEND = YES;
				GCC_C_LANGUAGE_STANDARD = gnu99;
				GCC_NO_COMMON_BLOCKS = YES;
				GCC_WARN_64_TO_32_BIT_CONVERSION = YES;
				GCC_WARN_ABOUT_RETURN_TYPE = YES_ERROR;
				GCC_WARN_UNDECLARED_SELECTOR = YES;
				GCC_WARN_UNINITIALIZED_AUTOS = YES_AGGRESSIVE;
				GCC_WARN_UNUSED_FUNCTION = YES;
				GCC_WARN_UNUSED_VARIABLE = YES;
				INFOPLIST_FILE = iOSTests/Info.plist;
				IPHONEOS_DEPLOYMENT_TARGET = 9.0;
				LD_RUNPATH_SEARCH_PATHS = "$(inherited) @executable_path/Frameworks @loader_path/Frameworks";
				MTL_ENABLE_DEBUG_INFO = NO;
				PRODUCT_BUNDLE_IDENTIFIER = us.the.mac.data.store.iOSTests;
				PRODUCT_NAME = "$(TARGET_NAME)";
				SDKROOT = iphoneos;
				VALIDATE_PRODUCT = YES;
			};
			name = Release;
		};
		9D46C1001CFE25A3001631ED /* Debug */ = {
			isa = XCBuildConfiguration;
			buildSettings = {
				ALWAYS_SEARCH_USER_PATHS = NO;
				ASSETCATALOG_COMPILER_APPICON_NAME = AppIcon;
				CLANG_CXX_LANGUAGE_STANDARD = "gnu++0x";
				CLANG_CXX_LIBRARY = "libc++";
				CLANG_ENABLE_MODULES = YES;
				CLANG_ENABLE_OBJC_ARC = YES;
				CLANG_WARN_BOOL_CONVERSION = YES;
				CLANG_WARN_CONSTANT_CONVERSION = YES;
				CLANG_WARN_DIRECT_OBJC_ISA_USAGE = YES_ERROR;
				CLANG_WARN_EMPTY_BODY = YES;
				CLANG_WARN_ENUM_CONVERSION = YES;
				CLANG_WARN_INT_CONVERSION = YES;
				CLANG_WARN_OBJC_ROOT_CLASS = YES_ERROR;
				CLANG_WARN_UNREACHABLE_CODE = YES;
				CLANG_WARN__DUPLICATE_METHOD_MATCH = YES;
				"CODE_SIGN_IDENTITY[sdk=iphoneos*]" = "iPhone Developer";
				COPY_PHASE_STRIP = NO;
				DEBUG_INFORMATION_FORMAT = dwarf;
				ENABLE_STRICT_OBJC_MSGSEND = YES;
				ENABLE_TESTABILITY = YES;
				GCC_C_LANGUAGE_STANDARD = gnu99;
				GCC_DYNAMIC_NO_PIC = NO;
				GCC_NO_COMMON_BLOCKS = YES;
				GCC_OPTIMIZATION_LEVEL = 0;
				GCC_PREPROCESSOR_DEFINITIONS = (
					"DEBUG=1",
					"$(inherited)",
				);
				GCC_WARN_64_TO_32_BIT_CONVERSION = YES;
				GCC_WARN_ABOUT_RETURN_TYPE = YES_ERROR;
				GCC_WARN_UNDECLARED_SELECTOR = YES;
				GCC_WARN_UNINITIALIZED_AUTOS = YES_AGGRESSIVE;
				GCC_WARN_UNUSED_FUNCTION = YES;
				GCC_WARN_UNUSED_VARIABLE = YES;
				INFOPLIST_FILE = iOSExample/Info.plist;
				IPHONEOS_DEPLOYMENT_TARGET = 9.0;
				LD_RUNPATH_SEARCH_PATHS = "$(inherited) @executable_path/Frameworks";
				MTL_ENABLE_DEBUG_INFO = YES;
				ONLY_ACTIVE_ARCH = YES;
				PRODUCT_BUNDLE_IDENTIFIER = us.the.mac.data.store.iOSExample;
				PRODUCT_NAME = "$(TARGET_NAME)";
				SDKROOT = iphoneos;
				SWIFT_OPTIMIZATION_LEVEL = "-Onone";
				TARGETED_DEVICE_FAMILY = "1,2";
			};
			name = Debug;
		};
		9D46C1011CFE25A3001631ED /* Release */ = {
			isa = XCBuildConfiguration;
			buildSettings = {
				ALWAYS_SEARCH_USER_PATHS = NO;
				ASSETCATALOG_COMPILER_APPICON_NAME = AppIcon;
				CLANG_CXX_LANGUAGE_STANDARD = "gnu++0x";
				CLANG_CXX_LIBRARY = "libc++";
				CLANG_ENABLE_MODULES = YES;
				CLANG_ENABLE_OBJC_ARC = YES;
				CLANG_WARN_BOOL_CONVERSION = YES;
				CLANG_WARN_CONSTANT_CONVERSION = YES;
				CLANG_WARN_DIRECT_OBJC_ISA_USAGE = YES_ERROR;
				CLANG_WARN_EMPTY_BODY = YES;
				CLANG_WARN_ENUM_CONVERSION = YES;
				CLANG_WARN_INT_CONVERSION = YES;
				CLANG_WARN_OBJC_ROOT_CLASS = YES_ERROR;
				CLANG_WARN_UNREACHABLE_CODE = YES;
				CLANG_WARN__DUPLICATE_METHOD_MATCH = YES;
				"CODE_SIGN_IDENTITY[sdk=iphoneos*]" = "iPhone Developer";
				COPY_PHASE_STRIP = NO;
				DEBUG_INFORMATION_FORMAT = "dwarf-with-dsym";
				ENABLE_NS_ASSERTIONS = NO;
				ENABLE_STRICT_OBJC_MSGSEND = YES;
				GCC_C_LANGUAGE_STANDARD = gnu99;
				GCC_NO_COMMON_BLOCKS = YES;
				GCC_WARN_64_TO_32_BIT_CONVERSION = YES;
				GCC_WARN_ABOUT_RETURN_TYPE = YES_ERROR;
				GCC_WARN_UNDECLARED_SELECTOR = YES;
				GCC_WARN_UNINITIALIZED_AUTOS = YES_AGGRESSIVE;
				GCC_WARN_UNUSED_FUNCTION = YES;
				GCC_WARN_UNUSED_VARIABLE = YES;
				INFOPLIST_FILE = iOSExample/Info.plist;
				IPHONEOS_DEPLOYMENT_TARGET = 9.0;
				LD_RUNPATH_SEARCH_PATHS = "$(inherited) @executable_path/Frameworks";
				MTL_ENABLE_DEBUG_INFO = NO;
				PRODUCT_BUNDLE_IDENTIFIER = us.the.mac.data.store.iOSExample;
				PRODUCT_NAME = "$(TARGET_NAME)";
				SDKROOT = iphoneos;
				TARGETED_DEVICE_FAMILY = "1,2";
				VALIDATE_PRODUCT = YES;
			};
			name = Release;
		};
		9D46C1111CFE3636001631ED /* Debug */ = {
			isa = XCBuildConfiguration;
			buildSettings = {
				ALWAYS_SEARCH_USER_PATHS = NO;
				CLANG_CXX_LANGUAGE_STANDARD = "gnu++0x";
				CLANG_CXX_LIBRARY = "libc++";
				CLANG_ENABLE_MODULES = YES;
				CLANG_ENABLE_OBJC_ARC = YES;
				CLANG_WARN_BOOL_CONVERSION = YES;
				CLANG_WARN_CONSTANT_CONVERSION = YES;
				CLANG_WARN_DIRECT_OBJC_ISA_USAGE = YES_ERROR;
				CLANG_WARN_EMPTY_BODY = YES;
				CLANG_WARN_ENUM_CONVERSION = YES;
				CLANG_WARN_INT_CONVERSION = YES;
				CLANG_WARN_OBJC_ROOT_CLASS = YES_ERROR;
				CLANG_WARN_UNREACHABLE_CODE = YES;
				CLANG_WARN__DUPLICATE_METHOD_MATCH = YES;
				COPY_PHASE_STRIP = NO;
				DEBUG_INFORMATION_FORMAT = dwarf;
				ENABLE_STRICT_OBJC_MSGSEND = YES;
				ENABLE_TESTABILITY = YES;
				GCC_C_LANGUAGE_STANDARD = gnu99;
				GCC_DYNAMIC_NO_PIC = NO;
				GCC_NO_COMMON_BLOCKS = YES;
				GCC_OPTIMIZATION_LEVEL = 0;
				GCC_PREPROCESSOR_DEFINITIONS = (
					"DEBUG=1",
					"$(inherited)",
				);
				GCC_WARN_64_TO_32_BIT_CONVERSION = YES;
				GCC_WARN_ABOUT_RETURN_TYPE = YES_ERROR;
				GCC_WARN_UNDECLARED_SELECTOR = YES;
				GCC_WARN_UNINITIALIZED_AUTOS = YES_AGGRESSIVE;
				GCC_WARN_UNUSED_FUNCTION = YES;
				GCC_WARN_UNUSED_VARIABLE = YES;
				MACOSX_DEPLOYMENT_TARGET = 10.10;
				MTL_ENABLE_DEBUG_INFO = YES;
				ONLY_ACTIVE_ARCH = YES;
				PRODUCT_NAME = "$(TARGET_NAME)";
				SDKROOT = macosx;
			};
			name = Debug;
		};
		9D46C1121CFE3636001631ED /* Release */ = {
			isa = XCBuildConfiguration;
			buildSettings = {
				ALWAYS_SEARCH_USER_PATHS = NO;
				CLANG_CXX_LANGUAGE_STANDARD = "gnu++0x";
				CLANG_CXX_LIBRARY = "libc++";
				CLANG_ENABLE_MODULES = YES;
				CLANG_ENABLE_OBJC_ARC = YES;
				CLANG_WARN_BOOL_CONVERSION = YES;
				CLANG_WARN_CONSTANT_CONVERSION = YES;
				CLANG_WARN_DIRECT_OBJC_ISA_USAGE = YES_ERROR;
				CLANG_WARN_EMPTY_BODY = YES;
				CLANG_WARN_ENUM_CONVERSION = YES;
				CLANG_WARN_INT_CONVERSION = YES;
				CLANG_WARN_OBJC_ROOT_CLASS = YES_ERROR;
				CLANG_WARN_UNREACHABLE_CODE = YES;
				CLANG_WARN__DUPLICATE_METHOD_MATCH = YES;
				COPY_PHASE_STRIP = NO;
				DEBUG_INFORMATION_FORMAT = "dwarf-with-dsym";
				ENABLE_NS_ASSERTIONS = NO;
				ENABLE_STRICT_OBJC_MSGSEND = YES;
				GCC_C_LANGUAGE_STANDARD = gnu99;
				GCC_NO_COMMON_BLOCKS = YES;
				GCC_WARN_64_TO_32_BIT_CONVERSION = YES;
				GCC_WARN_ABOUT_RETURN_TYPE = YES_ERROR;
				GCC_WARN_UNDECLARED_SELECTOR = YES;
				GCC_WARN_UNINITIALIZED_AUTOS = YES_AGGRESSIVE;
				GCC_WARN_UNUSED_FUNCTION = YES;
				GCC_WARN_UNUSED_VARIABLE = YES;
				MACOSX_DEPLOYMENT_TARGET = 10.10;
				MTL_ENABLE_DEBUG_INFO = NO;
				PRODUCT_NAME = "$(TARGET_NAME)";
				SDKROOT = macosx;
			};
			name = Release;
		};
/* End XCBuildConfiguration section */

/* Begin XCConfigurationList section */
		9D46BFD71CFDF311001631ED /* Build configuration list for PBXProject "DataStoreAdvanced" */ = {
			isa = XCConfigurationList;
			buildConfigurations = (
				9D46BFD81CFDF311001631ED /* Debug */,
				9D46BFD91CFDF311001631ED /* Release */,
			);
			defaultConfigurationIsVisible = 0;
			defaultConfigurationName = Release;
		};
		9D46BFF31CFDF3DE001631ED /* Build configuration list for PBXNativeTarget "OSXDataStore" */ = {
			isa = XCConfigurationList;
			buildConfigurations = (
				9D46BFF41CFDF3DE001631ED /* Debug */,
				9D46BFF51CFDF3DE001631ED /* Release */,
			);
			defaultConfigurationIsVisible = 0;
			defaultConfigurationName = Release;
		};
		9D46BFF61CFDF3DE001631ED /* Build configuration list for PBXNativeTarget "OSXTests" */ = {
			isa = XCConfigurationList;
			buildConfigurations = (
				9D46BFF71CFDF3DE001631ED /* Debug */,
				9D46BFF81CFDF3DE001631ED /* Release */,
			);
			defaultConfigurationIsVisible = 0;
			defaultConfigurationName = Release;
		};
		9D46C0111CFDF705001631ED /* Build configuration list for PBXNativeTarget "iOSDataStore" */ = {
			isa = XCConfigurationList;
			buildConfigurations = (
				9D46C0121CFDF705001631ED /* Debug */,
				9D46C0131CFDF705001631ED /* Release */,
			);
			defaultConfigurationIsVisible = 0;
			defaultConfigurationName = Release;
		};
		9D46C0141CFDF705001631ED /* Build configuration list for PBXNativeTarget "iOSTests" */ = {
			isa = XCConfigurationList;
			buildConfigurations = (
				9D46C0151CFDF705001631ED /* Debug */,
				9D46C0161CFDF705001631ED /* Release */,
			);
			defaultConfigurationIsVisible = 0;
			defaultConfigurationName = Release;
		};
		9D46C0FF1CFE25A3001631ED /* Build configuration list for PBXNativeTarget "iOSExample" */ = {
			isa = XCConfigurationList;
			buildConfigurations = (
				9D46C1001CFE25A3001631ED /* Debug */,
				9D46C1011CFE25A3001631ED /* Release */,
			);
			defaultConfigurationIsVisible = 0;
			defaultConfigurationName = Release;
		};
		9D46C1101CFE3636001631ED /* Build configuration list for PBXNativeTarget "Populate" */ = {
			isa = XCConfigurationList;
			buildConfigurations = (
				9D46C1111CFE3636001631ED /* Debug */,
				9D46C1121CFE3636001631ED /* Release */,
			);
			defaultConfigurationIsVisible = 0;
			defaultConfigurationName = Release;
		};
/* End XCConfigurationList section */
	};
	rootObject = 9D46BFD41CFDF311001631ED /* Project object */;
}
