PODS:
  - DataStoreAdvanced (2.1.8):
    - FMDB
  - FMDB (2.6.2):
    - FMDB/standard (= 2.6.2)
  - FMDB/standard (2.6.2)

DEPENDENCIES:
  - DataStoreAdvanced (from `https://github.com/the-mac/data-store-ios.git`, branch `advanced`)
  - FMDB

EXTERNAL SOURCES:
  DataStoreAdvanced:
    :branch: advanced
    :git: https://github.com/the-mac/data-store-ios.git

CHECKOUT OPTIONS:
  DataStoreAdvanced:
    :commit: 24cf571c425ce45394d6f10c6bd73a177dab615c
    :git: https://github.com/the-mac/data-store-ios.git

SPEC CHECKSUMS:
  DataStoreAdvanced: ca62b96f147581fc817cf3606f168be9e7c8b58c
  FMDB: 854a0341b4726e53276f2a8996f06f1b80f9259a

PODFILE CHECKSUM: 2699be059485524861c2fe0e7c76a88404fdce2c

COCOAPODS: 1.0.0
